{
  "name": "@k03mad/request",
  "version": "15.6.1",
  "lockfileVersion": 3,
  "requires": true,
  "packages": {
    "": {
      "name": "@k03mad/request",
      "version": "15.6.1",
      "license": "MIT",
      "dependencies": {
        "chalk": "5.6.2",
        "debug": "4.4.3",
        "got": "15.1.0",
        "p-queue": "9.3.1",
        "pretty-bytes": "7.1.1",
        "strip-ansi": "7.2.0"
      },
      "devDependencies": {
        "@k03mad/oxlint-config": "0.11.1",
        "husky": "9.1.7",
        "oxfmt": "0.59.0",
        "oxlint": "1.74.0"
      },
      "engines": {
        "node": ">=24"
      }
    },
    "node_modules/@k03mad/oxlint-config": {
      "version": "0.11.1",
      "resolved": "https://registry.npmjs.org/@k03mad/oxlint-config/-/oxlint-config-0.11.1.tgz",
      "integrity": "sha512-Sr2R3GwKkhq+iVAJnNtdT/gDXqmoZspfL067Srn6bI/DYPd9sQWyENT6bvfdSdRI5pJMn+PdpudTdATNoSvOTA==",
      "dev": true,
      "license": "MIT",
      "engines": {
        "node": ">=24"
      }
    },
    "node_modules/@keyv/serialize": {
      "version": "1.1.1",
      "resolved": "https://registry.npmjs.org/@keyv/serialize/-/serialize-1.1.1.tgz",
      "integrity": "sha512-dXn3FZhPv0US+7dtJsIi2R+c7qWYiReoEh5zUntWCf4oSpMNib8FDhSoed6m3QyZdx5hK7iLFkYk3rNxwt8vTA==",
      "license": "MIT"
    },
    "node_modules/@oxfmt/binding-android-arm-eabi": {
      "version": "0.59.0",
      "resolved": "https://registry.npmjs.org/@oxfmt/binding-android-arm-eabi/-/binding-android-arm-eabi-0.59.0.tgz",
      "integrity": "sha512-bNTnfbuG7sAwb2PakMNaDukx5kXeW9duXOBeWtTOiLz3fXz3q2DlWguufPZ+c2IHEVrRXHD+M4aUgEWm841LDA==",
      "cpu": [
        "arm"
      ],
      "dev": true,
      "license": "MIT",
      "optional": true,
      "os": [
        "android"
      ],
      "engines": {
        "node": "^20.19.0 || >=22.12.0"
      }
    },
    "node_modules/@oxfmt/binding-android-arm64": {
      "version": "0.59.0",
      "resolved": "https://registry.npmjs.org/@oxfmt/binding-android-arm64/-/binding-android-arm64-0.59.0.tgz",
      "integrity": "sha512-R/Sn7z52QtdAKNqQLLY0EK7hVMjXiz3XUlvoCFCm/60jgIzAnQtiqLKBCFaBkimCQL5rs2ezPMcicpjCsrl54Q==",
      "cpu": [
        "arm64"
      ],
      "dev": true,
      "license": "MIT",
      "optional": true,
      "os": [
        "android"
      ],
      "engines": {
        "node": "^20.19.0 || >=22.12.0"
      }
    },
    "node_modules/@oxfmt/binding-darwin-arm64": {
      "version": "0.59.0",
      "resolved": "https://registry.npmjs.org/@oxfmt/binding-darwin-arm64/-/binding-darwin-arm64-0.59.0.tgz",
      "integrity": "sha512-vm/ynUqE4HjC0ZIEjmXv1UJu1/GngccQ+T+TJudTMxUxm6r+GQTg1TO3E5jJfI71pBaXxSzs1+vWHIwuilGHhw==",
      "cpu": [
        "arm64"
      ],
      "dev": true,
      "license": "MIT",
      "optional": true,
      "os": [
        "darwin"
      ],
      "engines": {
        "node": "^20.19.0 || >=22.12.0"
      }
    },
    "node_modules/@oxfmt/binding-darwin-x64": {
      "version": "0.59.0",
      "resolved": "https://registry.npmjs.org/@oxfmt/binding-darwin-x64/-/binding-darwin-x64-0.59.0.tgz",
      "integrity": "sha512-uTtYDpLN/obfKVWGpgEc8BqYlLZBQTPz2uYEvLRy3HPZxjZ34wiFzukUBU2bf64JuCYZI//GTV1EOMmWlPjf/w==",
      "cpu": [
        "x64"
      ],
      "dev": true,
      "license": "MIT",
      "optional": true,
      "os": [
        "darwin"
      ],
      "engines": {
        "node": "^20.19.0 || >=22.12.0"
      }
    },
    "node_modules/@oxfmt/binding-freebsd-x64": {
      "version": "0.59.0",
      "resolved": "https://registry.npmjs.org/@oxfmt/binding-freebsd-x64/-/binding-freebsd-x64-0.59.0.tgz",
      "integrity": "sha512-e2UnxL/ifStSPy8ffBCDbdy595SYsGy+U1pur4G65TuMmWxAMBzYGG7atZo/3mp515p8rZdsflxVD/E1FAdPLQ==",
      "cpu": [
        "x64"
      ],
      "dev": true,
      "license": "MIT",
      "optional": true,
      "os": [
        "freebsd"
      ],
      "engines": {
        "node": "^20.19.0 || >=22.12.0"
      }
    },
    "node_modules/@oxfmt/binding-linux-arm-gnueabihf": {
      "version": "0.59.0",
      "resolved": "https://registry.npmjs.org/@oxfmt/binding-linux-arm-gnueabihf/-/binding-linux-arm-gnueabihf-0.59.0.tgz",
      "integrity": "sha512-LtdeZ1l0urxte3VNi3g8cocZwv1xGM1NKHSgF/fJEEVhyQmlgGh7WFWKFd/pNuO7djfvPNtNO1+MS+FEWkgVSA==",
      "cpu": [
        "arm"
      ],
      "dev": true,
      "license": "MIT",
      "optional": true,
      "os": [
        "linux"
      ],
      "engines": {
        "node": "^20.19.0 || >=22.12.0"
      }
    },
    "node_modules/@oxfmt/binding-linux-arm-musleabihf": {
      "version": "0.59.0",
      "resolved": "https://registry.npmjs.org/@oxfmt/binding-linux-arm-musleabihf/-/binding-linux-arm-musleabihf-0.59.0.tgz",
      "integrity": "sha512-dBTciSsj9GTMl7p+h2gMSI0hoPn2ijfc/dUsbnWsP0RbwgPl2r0C/5zkMb3Pb+gGj17LH7f1o4qLo9aes/pAvA==",
      "cpu": [
        "arm"
      ],
      "dev": true,
      "license": "MIT",
      "optional": true,
      "os": [
        "linux"
      ],
      "engines": {
        "node": "^20.19.0 || >=22.12.0"
      }
    },
    "node_modules/@oxfmt/binding-linux-arm64-gnu": {
      "version": "0.59.0",
      "resolved": "https://registry.npmjs.org/@oxfmt/binding-linux-arm64-gnu/-/binding-linux-arm64-gnu-0.59.0.tgz",
      "integrity": "sha512-tXVdJ/JINsNWdponPHN0OuKHtC+HdpyoS9sd6IDPNiiEYsRki8b7tefRZ1iMnRkdbyT4SEbguWsr6o+5awvbPQ==",
      "cpu": [
        "arm64"
      ],
      "dev": true,
      "libc": [
        "glibc"
      ],
      "license": "MIT",
      "optional": true,
      "os": [
        "linux"
      ],
      "engines": {
        "node": "^20.19.0 || >=22.12.0"
      }
    },
    "node_modules/@oxfmt/binding-linux-arm64-musl": {
      "version": "0.59.0",
      "resolved": "https://registry.npmjs.org/@oxfmt/binding-linux-arm64-musl/-/binding-linux-arm64-musl-0.59.0.tgz",
      "integrity": "sha512-RRTq38i2zT5fnw6XGHjvT6w2mh6x/G3m6AZcAZ56OTDTT/lsOeYnG3SVjwmH40z5kPqF+lf+o35e6m6PpKy9Dw==",
      "cpu": [
        "arm64"
      ],
      "dev": true,
      "libc": [
        "musl"
      ],
      "license": "MIT",
      "optional": true,
      "os": [
        "linux"
      ],
      "engines": {
        "node": "^20.19.0 || >=22.12.0"
      }
    },
    "node_modules/@oxfmt/binding-linux-ppc64-gnu": {
      "version": "0.59.0",
      "resolved": "https://registry.npmjs.org/@oxfmt/binding-linux-ppc64-gnu/-/binding-linux-ppc64-gnu-0.59.0.tgz",
      "integrity": "sha512-lD3k7glAJSaXW0D6xzu8VOZbYbosvy+0ktOVkfLEoQF5HJlMSxTQ2KNW0JO+08ccP/1ElOKktVEMI0fqRbVB4w==",
      "cpu": [
        "ppc64"
      ],
      "dev": true,
      "libc": [
        "glibc"
      ],
      "license": "MIT",
      "optional": true,
      "os": [
        "linux"
      ],
      "engines": {
        "node": "^20.19.0 || >=22.12.0"
      }
    },
    "node_modules/@oxfmt/binding-linux-riscv64-gnu": {
      "version": "0.59.0",
      "resolved": "https://registry.npmjs.org/@oxfmt/binding-linux-riscv64-gnu/-/binding-linux-riscv64-gnu-0.59.0.tgz",
      "integrity": "sha512-WH5ZP1RbuHKBO/yfPRQKpNO/ijHcEDNbnmC4VPf/Bcd3+mbMAZpRiJWRa1PL5bREdIZZHo343mk3sqlc9x7Usw==",
      "cpu": [
        "riscv64"
      ],
      "dev": true,
      "libc": [
        "glibc"
      ],
      "license": "MIT",
      "optional": true,
      "os": [
        "linux"
      ],
      "engines": {
        "node": "^20.19.0 || >=22.12.0"
      }
    },
    "node_modules/@oxfmt/binding-linux-riscv64-musl": {
      "version": "0.59.0",
      "resolved": "https://registry.npmjs.org/@oxfmt/binding-linux-riscv64-musl/-/binding-linux-riscv64-musl-0.59.0.tgz",
      "integrity": "sha512-743wOiaI9RZY4QVGkWkfGRavD5ZJUJ6gscFjVrVu1dP8AZh9jM+a6v3NhlR+OIzHdS6DhLM96w+gcVskskz7rw==",
      "cpu": [
        "riscv64"
      ],
      "dev": true,
      "libc": [
        "musl"
      ],
      "license": "MIT",
      "optional": true,
      "os": [
        "linux"
      ],
      "engines": {
        "node": "^20.19.0 || >=22.12.0"
      }
    },
    "node_modules/@oxfmt/binding-linux-s390x-gnu": {
      "version": "0.59.0",
      "resolved": "https://registry.npmjs.org/@oxfmt/binding-linux-s390x-gnu/-/binding-linux-s390x-gnu-0.59.0.tgz",
      "integrity": "sha512-xjRXQsRnrRZCcCkIEnbd2lmsQNobtwwkJxdy2bWXhZ1lIN0ouZwsBXRsoovW3yATuziAYwr9HMiQuR/Cc75NIw==",
      "cpu": [
        "s390x"
      ],
      "dev": true,
      "libc": [
        "glibc"
      ],
      "license": "MIT",
      "optional": true,
      "os": [
        "linux"
      ],
      "engines": {
        "node": "^20.19.0 || >=22.12.0"
      }
    },
    "node_modules/@oxfmt/binding-linux-x64-gnu": {
      "version": "0.59.0",
      "resolved": "https://registry.npmjs.org/@oxfmt/binding-linux-x64-gnu/-/binding-linux-x64-gnu-0.59.0.tgz",
      "integrity": "sha512-4hNjqq/Rbr9B+StY9zMMAfm72+mtM4v80xYL5Qkb59Qd72g2vJMI0iFlPj3kf6miMsie/yJ7rt4urJT292HBgA==",
      "cpu": [
        "x64"
      ],
      "dev": true,
      "libc": [
        "glibc"
      ],
      "license": "MIT",
      "optional": true,
      "os": [
        "linux"
      ],
      "engines": {
        "node": "^20.19.0 || >=22.12.0"
      }
    },
    "node_modules/@oxfmt/binding-linux-x64-musl": {
      "version": "0.59.0",
      "resolved": "https://registry.npmjs.org/@oxfmt/binding-linux-x64-musl/-/binding-linux-x64-musl-0.59.0.tgz",
      "integrity": "sha512-NH579iN8EVQYsWowUB8B5vFchcylJtwPVJ7NmUAqEQHNLfhPbDT3K56KrECNAkUN4QpF4qiMgN2vsfZwVvjm7g==",
      "cpu": [
        "x64"
      ],
      "dev": true,
      "libc": [
        "musl"
      ],
      "license": "MIT",
      "optional": true,
      "os": [
        "linux"
      ],
      "engines": {
        "node": "^20.19.0 || >=22.12.0"
      }
    },
    "node_modules/@oxfmt/binding-openharmony-arm64": {
      "version": "0.59.0",
      "resolved": "https://registry.npmjs.org/@oxfmt/binding-openharmony-arm64/-/binding-openharmony-arm64-0.59.0.tgz",
      "integrity": "sha512-mzZy3Z5Aj1D75Aq9FVlmoRQH5ei8Ga4o/NZmlXkKyeZ5EmPrUXRR7c6BMBteV1ZuZ/356UYDuLRLjAMxTDTiBA==",
      "cpu": [
        "arm64"
      ],
      "dev": true,
      "license": "MIT",
      "optional": true,
      "os": [
        "openharmony"
      ],
      "engines": {
        "node": "^20.19.0 || >=22.12.0"
      }
    },
    "node_modules/@oxfmt/binding-win32-arm64-msvc": {
      "version": "0.59.0",
      "resolved": "https://registry.npmjs.org/@oxfmt/binding-win32-arm64-msvc/-/binding-win32-arm64-msvc-0.59.0.tgz",
      "integrity": "sha512-0CpDJ1gE3jN1Gk6xms1Ie6LPfPcOtY4FAtoOmVLHQoAf8DvO2wd0DW2dIX2f7YTp5dxrr0ND8JeUEjm3DP3k5g==",
      "cpu": [
        "arm64"
      ],
      "dev": true,
      "license": "MIT",
      "optional": true,
      "os": [
        "win32"
      ],
      "engines": {
        "node": "^20.19.0 || >=22.12.0"
      }
    },
    "node_modules/@oxfmt/binding-win32-ia32-msvc": {
      "version": "0.59.0",
      "resolved": "https://registry.npmjs.org/@oxfmt/binding-win32-ia32-msvc/-/binding-win32-ia32-msvc-0.59.0.tgz",
      "integrity": "sha512-zwdKBu3pt87uW0bRcywZb0oGMS7C6n87qogwRYFUgmk44T90ZzYlPjtlFYXs/DnBFrgNCvlHwCuWKfVWLeE7kw==",
      "cpu": [
        "ia32"
      ],
      "dev": true,
      "license": "MIT",
      "optional": true,
      "os": [
        "win32"
      ],
      "engines": {
        "node": "^20.19.0 || >=22.12.0"
      }
    },
    "node_modules/@oxfmt/binding-win32-x64-msvc": {
      "version": "0.59.0",
      "resolved": "https://registry.npmjs.org/@oxfmt/binding-win32-x64-msvc/-/binding-win32-x64-msvc-0.59.0.tgz",
      "integrity": "sha512-dUUbZkKgWrmAeI/puzv4bxN8lzcYaFnQVwFTFtwO2Gp8M7lZGSE2qJjC58g518+1bltJ8mizjYwD0BGHym0l/w==",
      "cpu": [
        "x64"
      ],
      "dev": true,
      "license": "MIT",
      "optional": true,
      "os": [
        "win32"
      ],
      "engines": {
        "node": "^20.19.0 || >=22.12.0"
      }
    },
    "node_modules/@oxlint/binding-android-arm-eabi": {
      "version": "1.74.0",
      "resolved": "https://registry.npmjs.org/@oxlint/binding-android-arm-eabi/-/binding-android-arm-eabi-1.74.0.tgz",
      "integrity": "sha512-+gHd12muVI9ZLBaWLPkHt3Fj7jihFjgQ1MGtBaRL8vWrWrI0P7dLUty/cHrHS0oqPYIRgQUJsPu2CExQuMcwNw==",
      "cpu": [
        "arm"
      ],
      "dev": true,
      "license": "MIT",
      "optional": true,
      "os": [
        "android"
      ],
      "engines": {
        "node": "^20.19.0 || >=22.12.0"
      }
    },
    "node_modules/@oxlint/binding-android-arm64": {
      "version": "1.74.0",
      "resolved": "https://registry.npmjs.org/@oxlint/binding-android-arm64/-/binding-android-arm64-1.74.0.tgz",
      "integrity": "sha512-xjKdoMB+H+RCOByv/7l7nfIGW9mlOisqYdcyC75UqYuQecLpReAeEYUf2CNeDEI3KtmUgxpRw/+c63y4AeF/Bw==",
      "cpu": [
        "arm64"
      ],
      "dev": true,
      "license": "MIT",
      "optional": true,
      "os": [
        "android"
      ],
      "engines": {
        "node": "^20.19.0 || >=22.12.0"
      }
    },
    "node_modules/@oxlint/binding-darwin-arm64": {
      "version": "1.74.0",
      "resolved": "https://registry.npmjs.org/@oxlint/binding-darwin-arm64/-/binding-darwin-arm64-1.74.0.tgz",
      "integrity": "sha512-iUK7wvc6sejMKsC+Pt67mntoF5weFcyEunhZfLJceU6gL419mexz5wBkSx/EnkFBExMLNtOi9fnDSc5xfK0IzQ==",
      "cpu": [
        "arm64"
      ],
      "dev": true,
      "license": "MIT",
      "optional": true,
      "os": [
        "darwin"
      ],
      "engines": {
        "node": "^20.19.0 || >=22.12.0"
      }
    },
    "node_modules/@oxlint/binding-darwin-x64": {
      "version": "1.74.0",
      "resolved": "https://registry.npmjs.org/@oxlint/binding-darwin-x64/-/binding-darwin-x64-1.74.0.tgz",
      "integrity": "sha512-ggKc/tn5SJ1u2yG2izC6VKODfYKV8MQ2AicJlNzOjuyrC29udvOef6/JzK2r32xqCnBDLFouR1VCkjzEI0/N9Q==",
      "cpu": [
        "x64"
      ],
      "dev": true,
      "license": "MIT",
      "optional": true,
      "os": [
        "darwin"
      ],
      "engines": {
        "node": "^20.19.0 || >=22.12.0"
      }
    },
    "node_modules/@oxlint/binding-freebsd-x64": {
      "version": "1.74.0",
      "resolved": "https://registry.npmjs.org/@oxlint/binding-freebsd-x64/-/binding-freebsd-x64-1.74.0.tgz",
      "integrity": "sha512-u++dH/43jy9hTLbneaWlS0gla/Bp1JdwJ2zgevCl8nDFUh6qRCGMxcL0f0lb7By3A9p/LfFr+7cG4HU1hG856g==",
      "cpu": [
        "x64"
      ],
      "dev": true,
      "license": "MIT",
      "optional": true,
      "os": [
        "freebsd"
      ],
      "engines": {
        "node": "^20.19.0 || >=22.12.0"
      }
    },
    "node_modules/@oxlint/binding-linux-arm-gnueabihf": {
      "version": "1.74.0",
      "resolved": "https://registry.npmjs.org/@oxlint/binding-linux-arm-gnueabihf/-/binding-linux-arm-gnueabihf-1.74.0.tgz",
      "integrity": "sha512-Sj1zmtFDVTPeIbIz4ZfcXAbFHqCmKCXdCUlAJzvTF7I20NTH1RDpoF2PhkqNODutJzVhJYmm3oz0GwgY+tvE2g==",
      "cpu": [
        "arm"
      ],
      "dev": true,
      "license": "MIT",
      "optional": true,
      "os": [
        "linux"
      ],
      "engines": {
        "node": "^20.19.0 || >=22.12.0"
      }
    },
    "node_modules/@oxlint/binding-linux-arm-musleabihf": {
      "version": "1.74.0",
      "resolved": "https://registry.npmjs.org/@oxlint/binding-linux-arm-musleabihf/-/binding-linux-arm-musleabihf-1.74.0.tgz",
      "integrity": "sha512-//PKyQb/tQXcHArx2f7z+oVI/eMS2Jpv+edNuAtOrgIhWdGcpHxogveAxzmF2rpH1AIHp4Hq04RF/rgJdiICnQ==",
      "cpu": [
        "arm"
      ],
      "dev": true,
      "license": "MIT",
      "optional": true,
      "os": [
        "linux"
      ],
      "engines": {
        "node": "^20.19.0 || >=22.12.0"
      }
    },
    "node_modules/@oxlint/binding-linux-arm64-gnu": {
      "version": "1.74.0",
      "resolved": "https://registry.npmjs.org/@oxlint/binding-linux-arm64-gnu/-/binding-linux-arm64-gnu-1.74.0.tgz",
      "integrity": "sha512-/k1Me+aX2tjuH10K62mLS0y8cLkJBHX6Ce0xPK+eWeel4bSdEGZ8dv4+hYMzg0GrSmjwy4yAYsDPeEeKBft/2w==",
      "cpu": [
        "arm64"
      ],
      "dev": true,
      "libc": [
        "glibc"
      ],
      "license": "MIT",
      "optional": true,
      "os": [
        "linux"
      ],
      "engines": {
        "node": "^20.19.0 || >=22.12.0"
      }
    },
    "node_modules/@oxlint/binding-linux-arm64-musl": {
      "version": "1.74.0",
      "resolved": "https://registry.npmjs.org/@oxlint/binding-linux-arm64-musl/-/binding-linux-arm64-musl-1.74.0.tgz",
      "integrity": "sha512-3tFSjBxc5D8/zvjEuLvOqcA8ZXKD0+6NuaVO/edeamNc49MoAsbfaC9s1UiwODwgF6slGaF8yJA2TPkukd77tg==",
      "cpu": [
        "arm64"
      ],
      "dev": true,
      "libc": [
        "musl"
      ],
      "license": "MIT",
      "optional": true,
      "os": [
        "linux"
      ],
      "engines": {
        "node": "^20.19.0 || >=22.12.0"
      }
    },
    "node_modules/@oxlint/binding-linux-ppc64-gnu": {
      "version": "1.74.0",
      "resolved": "https://registry.npmjs.org/@oxlint/binding-linux-ppc64-gnu/-/binding-linux-ppc64-gnu-1.74.0.tgz",
      "integrity": "sha512-9QggtPkSPXOCTu8Szis7auOK/sC7KdQaN+/TujP7YVVhzCAOhgdRfgv8uEz0r2tk5xdgus5rLYUrCDoZNtiRUw==",
      "cpu": [
        "ppc64"
      ],
      "dev": true,
      "libc": [
        "glibc"
      ],
      "license": "MIT",
      "optional": true,
      "os": [
        "linux"
      ],
      "engines": {
        "node": "^20.19.0 || >=22.12.0"
      }
    },
    "node_modules/@oxlint/binding-linux-riscv64-gnu": {
      "version": "1.74.0",
      "resolved": "https://registry.npmjs.org/@oxlint/binding-linux-riscv64-gnu/-/binding-linux-riscv64-gnu-1.74.0.tgz",
      "integrity": "sha512-VM5VPUJ4DJIWiK+AZn8FScUqMr6OFrCAYybMYjEEi7W13ParI64MByiXTkKMqZpBmvQ9zxl9Ebq2VUOiZRJYUg==",
      "cpu": [
        "riscv64"
      ],
      "dev": true,
      "libc": [
        "glibc"
      ],
      "license": "MIT",
      "optional": true,
      "os": [
        "linux"
      ],
      "engines": {
        "node": "^20.19.0 || >=22.12.0"
      }
    },
    "node_modules/@oxlint/binding-linux-riscv64-musl": {
      "version": "1.74.0",
      "resolved": "https://registry.npmjs.org/@oxlint/binding-linux-riscv64-musl/-/binding-linux-riscv64-musl-1.74.0.tgz",
      "integrity": "sha512-SaDY1gh9rOA592J54g+gu5hkOFFQBZsMmIYHs+NRHG+Uq0OxtuuCXMWQ3vu1830Eugv5uMXyjG+bv2Z9y4IXjw==",
      "cpu": [
        "riscv64"
      ],
      "dev": true,
      "libc": [
        "musl"
      ],
      "license": "MIT",
      "optional": true,
      "os": [
        "linux"
      ],
      "engines": {
        "node": "^20.19.0 || >=22.12.0"
      }
    },
    "node_modules/@oxlint/binding-linux-s390x-gnu": {
      "version": "1.74.0",
      "resolved": "https://registry.npmjs.org/@oxlint/binding-linux-s390x-gnu/-/binding-linux-s390x-gnu-1.74.0.tgz",
      "integrity": "sha512-ZATQeHZCyr6MbDveg0obD5sxLHFOghtOdC5jwVwYlvFWqtFOxctgFEG6Ef/64hYvZrWyhyCckB10AelqLopeDA==",
      "cpu": [
        "s390x"
      ],
      "dev": true,
      "libc": [
        "glibc"
      ],
      "license": "MIT",
      "optional": true,
      "os": [
        "linux"
      ],
      "engines": {
        "node": "^20.19.0 || >=22.12.0"
      }
    },
    "node_modules/@oxlint/binding-linux-x64-gnu": {
      "version": "1.74.0",
      "resolved": "https://registry.npmjs.org/@oxlint/binding-linux-x64-gnu/-/binding-linux-x64-gnu-1.74.0.tgz",
      "integrity": "sha512-+aIvJyrdeD7LwCQ2WYLMUWNmnbeDRSPb40aBYtPjD9+PTqUwgJnk+HK5yLfSMeqXrMrDhE9uTmtt2y50tvjhHw==",
      "cpu": [
        "x64"
      ],
      "dev": true,
      "libc": [
        "glibc"
      ],
      "license": "MIT",
      "optional": true,
      "os": [
        "linux"
      ],
      "engines": {
        "node": "^20.19.0 || >=22.12.0"
      }
    },
    "node_modules/@oxlint/binding-linux-x64-musl": {
      "version": "1.74.0",
      "resolved": "https://registry.npmjs.org/@oxlint/binding-linux-x64-musl/-/binding-linux-x64-musl-1.74.0.tgz",
      "integrity": "sha512-XyktaR8lhK2qWiCK0Tk8oYD+/cgn+oHA6ddRnxSSXUKkkojkV78CmShZUxQF+yrBFs0SuW+JBOPG6hecyc/iZg==",
      "cpu": [
        "x64"
      ],
      "dev": true,
      "libc": [
        "musl"
      ],
      "license": "MIT",
      "optional": true,
      "os": [
        "linux"
      ],
      "engines": {
        "node": "^20.19.0 || >=22.12.0"
      }
    },
    "node_modules/@oxlint/binding-openharmony-arm64": {
      "version": "1.74.0",
      "resolved": "https://registry.npmjs.org/@oxlint/binding-openharmony-arm64/-/binding-openharmony-arm64-1.74.0.tgz",
      "integrity": "sha512-mzbjrPl4neaVUiJ1fUiEUxTGaSZBoiKtaoB6jmIpz9S+VOA2vDYmJpihQ82w6178V5jxziclTg8Cgj5yF6tTDg==",
      "cpu": [
        "arm64"
      ],
      "dev": true,
      "license": "MIT",
      "optional": true,
      "os": [
        "openharmony"
      ],
      "engines": {
        "node": "^20.19.0 || >=22.12.0"
      }
    },
    "node_modules/@oxlint/binding-win32-arm64-msvc": {
      "version": "1.74.0",
      "resolved": "https://registry.npmjs.org/@oxlint/binding-win32-arm64-msvc/-/binding-win32-arm64-msvc-1.74.0.tgz",
      "integrity": "sha512-vUAe9okpS2Oa5+lX67lqHMuNUvfkleRKwrUDJ/WJBsgmddvZ1mrsh2HVmuFDRzqFELhaJhFaCNOuR6a7L3rtIA==",
      "cpu": [
        "arm64"
      ],
      "dev": true,
      "license": "MIT",
      "optional": true,
      "os": [
        "win32"
      ],
      "engines": {
        "node": "^20.19.0 || >=22.12.0"
      }
    },
    "node_modules/@oxlint/binding-win32-ia32-msvc": {
      "version": "1.74.0",
      "resolved": "https://registry.npmjs.org/@oxlint/binding-win32-ia32-msvc/-/binding-win32-ia32-msvc-1.74.0.tgz",
      "integrity": "sha512-yyXXJyYYSXL4I8K8jAWjJs+J3fa9gH2JmEbo4f5adm+1tNC9itseicBNuwK7BDHvqQ5J534s+yDULu89vYL2ZQ==",
      "cpu": [
        "ia32"
      ],
      "dev": true,
      "license": "MIT",
      "optional": true,
      "os": [
        "win32"
      ],
      "engines": {
        "node": "^20.19.0 || >=22.12.0"
      }
    },
    "node_modules/@oxlint/binding-win32-x64-msvc": {
      "version": "1.74.0",
      "resolved": "https://registry.npmjs.org/@oxlint/binding-win32-x64-msvc/-/binding-win32-x64-msvc-1.74.0.tgz",
      "integrity": "sha512-VTC9IYTIMrVUk/i6Ms1ohzzDKZFkWn0KU2OBbPBzgmVZ2V30165T/zK4LztTr0Xgp9fZ1qQZ1rsZAu/rEmySlA==",
      "cpu": [
        "x64"
      ],
      "dev": true,
      "license": "MIT",
      "optional": true,
      "os": [
        "win32"
      ],
      "engines": {
        "node": "^20.19.0 || >=22.12.0"
      }
    },
    "node_modules/@sec-ant/readable-stream": {
      "version": "0.4.1",
      "resolved": "https://registry.npmjs.org/@sec-ant/readable-stream/-/readable-stream-0.4.1.tgz",
      "integrity": "sha512-831qok9r2t8AlxLko40y2ebgSDhenenCatLVeW/uBtnHPyhHOvG0C7TvfgecV+wHzIm5KUICgzmVpWS+IMEAeg==",
      "license": "MIT"
    },
    "node_modules/@sindresorhus/is": {
      "version": "8.1.0",
      "resolved": "https://registry.npmjs.org/@sindresorhus/is/-/is-8.1.0.tgz",
      "integrity": "sha512-2SX/1jW6CIMAiebvVv5ZInoCEuWQmMyBoJXXGC6Vjakjp/fpxP5eHs7/V6WKuPEIbuK06+VpjH+vjLQhr98rDQ==",
      "license": "MIT",
      "engines": {
        "node": ">=22"
      },
      "funding": {
        "url": "https://github.com/sindresorhus/is?sponsor=1"
      }
    },
    "node_modules/@types/http-cache-semantics": {
      "version": "4.2.0",
      "resolved": "https://registry.npmjs.org/@types/http-cache-semantics/-/http-cache-semantics-4.2.0.tgz",
      "integrity": "sha512-L3LgimLHXtGkWikKnsPg0/VFx9OGZaC+eN1u4r+OB1XRqH3meBIAVC2zr1WdMH+RHmnRkqliQAOHNJ/E0j/e0Q==",
      "license": "MIT"
    },
    "node_modules/ansi-regex": {
      "version": "6.2.2",
      "resolved": "https://registry.npmjs.org/ansi-regex/-/ansi-regex-6.2.2.tgz",
      "integrity": "sha512-Bq3SmSpyFHaWjPk8If9yc6svM8c56dB5BAtW4Qbw5jHTwwXXcTLoRMkpDJp6VL0XzlWaCHTXrkFURMYmD0sLqg==",
      "license": "MIT",
      "engines": {
        "node": ">=12"
      },
      "funding": {
        "url": "https://github.com/chalk/ansi-regex?sponsor=1"
      }
    },
    "node_modules/byte-counter": {
      "version": "0.1.0",
      "resolved": "https://registry.npmjs.org/byte-counter/-/byte-counter-0.1.0.tgz",
      "integrity": "sha512-jheRLVMeUKrDBjVw2O5+k4EvR4t9wtxHL+bo/LxfkxsVeuGMy3a5SEGgXdAFA4FSzTrU8rQXQIrsZ3oBq5a0pQ==",
      "license": "MIT",
      "engines": {
        "node": ">=20"
      },
      "funding": {
        "url": "https://github.com/sponsors/sindresorhus"
      }
    },
    "node_modules/cacheable-lookup": {
      "version": "7.0.0",
      "resolved": "https://registry.npmjs.org/cacheable-lookup/-/cacheable-lookup-7.0.0.tgz",
      "integrity": "sha512-+qJyx4xiKra8mZrcwhjMRMUhD5NR1R8esPkzIYxX96JiecFoxAXFuz/GpR3+ev4PE1WamHip78wV0vcmPQtp8w==",
      "license": "MIT",
      "engines": {
        "node": ">=14.16"
      }
    },
    "node_modules/cacheable-request": {
      "version": "13.0.19",
      "resolved": "https://registry.npmjs.org/cacheable-request/-/cacheable-request-13.0.19.tgz",
      "integrity": "sha512-SVXGH037+Mo1aIMO5B2UcleR43FGjFdN+M8JObSyEoQ2Mn4CODRWx28gN5jiTF0n5ItsgtIZfyargMNs8GX4kg==",
      "license": "MIT",
      "dependencies": {
        "@types/http-cache-semantics": "^4.2.0",
        "get-stream": "^9.0.1",
        "http-cache-semantics": "^4.2.0",
        "keyv": "^5.6.0",
        "mimic-response": "^4.0.0",
        "normalize-url": "^8.1.1",
        "responselike": "^4.0.2"
      },
      "engines": {
        "node": ">=18"
      }
    },
    "node_modules/chalk": {
      "version": "5.6.2",
      "resolved": "https://registry.npmjs.org/chalk/-/chalk-5.6.2.tgz",
      "integrity": "sha512-7NzBL0rN6fMUW+f7A6Io4h40qQlG+xGmtMxfbnH/K7TAtt8JQWVQK+6g0UXKMeVJoyV5EkkNsErQ8pVD3bLHbA==",
      "license": "MIT",
      "engines": {
        "node": "^12.17.0 || ^14.13 || >=16.0.0"
      },
      "funding": {
        "url": "https://github.com/chalk/chalk?sponsor=1"
      }
    },
    "node_modules/chunk-data": {
      "version": "0.1.0",
      "resolved": "https://registry.npmjs.org/chunk-data/-/chunk-data-0.1.0.tgz",
      "integrity": "sha512-zFyPtyC0SZ6Zu79b9sOYtXZcgrsXe0RpePrzRyj52hYVFG1+Rk6rBqjjOEk+GNQwc3PIX+86teQMok970pod1g==",
      "license": "MIT",
      "engines": {
        "node": ">=20"
      },
      "funding": {
        "url": "https://github.com/sponsors/sindresorhus"
      }
    },
    "node_modules/debug": {
      "version": "4.4.3",
      "resolved": "https://registry.npmjs.org/debug/-/debug-4.4.3.tgz",
      "integrity": "sha512-RGwwWnwQvkVfavKVt22FGLw+xYSdzARwm0ru6DhTVA3umU5hZc28V3kO4stgYryrTlLpuvgI9GiijltAjNbcqA==",
      "license": "MIT",
      "dependencies": {
        "ms": "^2.1.3"
      },
      "engines": {
        "node": ">=6.0"
      },
      "peerDependenciesMeta": {
        "supports-color": {
          "optional": true
        }
      }
    },
    "node_modules/decompress-response": {
      "version": "10.0.0",
      "resolved": "https://registry.npmjs.org/decompress-response/-/decompress-response-10.0.0.tgz",
      "integrity": "sha512-oj7KWToJuuxlPr7VV0vabvxEIiqNMo+q0NueIiL3XhtwC6FVOX7Hr1c0C4eD0bmf7Zr+S/dSf2xvkH3Ad6sU3Q==",
      "license": "MIT",
      "dependencies": {
        "mimic-response": "^4.0.0"
      },
      "engines": {
        "node": ">=20"
      },
      "funding": {
        "url": "https://github.com/sponsors/sindresorhus"
      }
    },
    "node_modules/eventemitter3": {
      "version": "5.0.4",
      "resolved": "https://registry.npmjs.org/eventemitter3/-/eventemitter3-5.0.4.tgz",
      "integrity": "sha512-mlsTRyGaPBjPedk6Bvw+aqbsXDtoAyAzm5MO7JgU+yVRyMQ5O8bD4Kcci7BS85f93veegeCPkL8R4GLClnjLFw==",
      "license": "MIT"
    },
    "node_modules/get-stream": {
      "version": "9.0.1",
      "resolved": "https://registry.npmjs.org/get-stream/-/get-stream-9.0.1.tgz",
      "integrity": "sha512-kVCxPF3vQM/N0B1PmoqVUqgHP+EeVjmZSQn+1oCRPxd2P21P2F19lIgbR3HBosbB1PUhOAoctJnfEn2GbN2eZA==",
      "license": "MIT",
      "dependencies": {
        "@sec-ant/readable-stream": "^0.4.1",
        "is-stream": "^4.0.1"
      },
      "engines": {
        "node": ">=18"
      },
      "funding": {
        "url": "https://github.com/sponsors/sindresorhus"
      }
    },
    "node_modules/got": {
      "version": "15.1.0",
      "resolved": "https://registry.npmjs.org/got/-/got-15.1.0.tgz",
      "integrity": "sha512-DG+DAAkRtno+oDr/GBsliAkhN9+zczOPM5qXk3efDZY3qvyRnZU+NwQlb/IOY6cSnxxTR9z3aHCcShJyjb0hJA==",
      "license": "MIT",
      "dependencies": {
        "@sindresorhus/is": "^8.0.0",
        "byte-counter": "^0.1.0",
        "cacheable-lookup": "^7.0.0",
        "cacheable-request": "^13.0.18",
        "chunk-data": "^0.1.0",
        "decompress-response": "^10.0.0",
        "http2-wrapper": "^2.2.1",
        "keyv": "^5.6.0",
        "lowercase-keys": "^4.0.1",
        "responselike": "^4.0.2",
        "type-fest": "^5.6.0",
        "uint8array-extras": "^1.5.0"
      },
      "engines": {
        "node": ">=22"
      },
      "funding": {
        "url": "https://github.com/sindresorhus/got?sponsor=1"
      }
    },
    "node_modules/http-cache-semantics": {
      "version": "4.2.0",
      "resolved": "https://registry.npmjs.org/http-cache-semantics/-/http-cache-semantics-4.2.0.tgz",
      "integrity": "sha512-dTxcvPXqPvXBQpq5dUr6mEMJX4oIEFv6bwom3FDwKRDsuIjjJGANqhBuoAn9c1RQJIdAKav33ED65E2ys+87QQ==",
      "license": "BSD-2-Clause"
    },
    "node_modules/http2-wrapper": {
      "version": "2.2.1",
      "resolved": "https://registry.npmjs.org/http2-wrapper/-/http2-wrapper-2.2.1.tgz",
      "integrity": "sha512-V5nVw1PAOgfI3Lmeaj2Exmeg7fenjhRUgz1lPSezy1CuhPYbgQtbQj4jZfEAEMlaL+vupsvhjqCyjzob0yxsmQ==",
      "license": "MIT",
      "dependencies": {
        "quick-lru": "^5.1.1",
        "resolve-alpn": "^1.2.0"
      },
      "engines": {
        "node": ">=10.19.0"
      }
    },
    "node_modules/husky": {
      "version": "9.1.7",
      "resolved": "https://registry.npmjs.org/husky/-/husky-9.1.7.tgz",
      "integrity": "sha512-5gs5ytaNjBrh5Ow3zrvdUUY+0VxIuWVL4i9irt6friV+BqdCfmV11CQTWMiBYWHbXhco+J1kHfTOUkePhCDvMA==",
      "dev": true,
      "license": "MIT",
      "bin": {
        "husky": "bin.js"
      },
      "engines": {
        "node": ">=18"
      },
      "funding": {
        "url": "https://github.com/sponsors/typicode"
      }
    },
    "node_modules/is-stream": {
      "version": "4.0.1",
      "resolved": "https://registry.npmjs.org/is-stream/-/is-stream-4.0.1.tgz",
      "integrity": "sha512-Dnz92NInDqYckGEUJv689RbRiTSEHCQ7wOVeALbkOz999YpqT46yMRIGtSNl2iCL1waAZSx40+h59NV/EwzV/A==",
      "license": "MIT",
      "engines": {
        "node": ">=18"
      },
      "funding": {
        "url": "https://github.com/sponsors/sindresorhus"
      }
    },
    "node_modules/keyv": {
      "version": "5.6.0",
      "resolved": "https://registry.npmjs.org/keyv/-/keyv-5.6.0.tgz",
      "integrity": "sha512-CYDD3SOtsHtyXeEORYRx2qBtpDJFjRTGXUtmNEMGyzYOKj1TE3tycdlho7kA1Ufx9OYWZzg52QFBGALTirzDSw==",
      "license": "MIT",
      "dependencies": {
        "@keyv/serialize": "^1.1.1"
      }
    },
    "node_modules/lowercase-keys": {
      "version": "4.0.1",
      "resolved": "https://registry.npmjs.org/lowercase-keys/-/lowercase-keys-4.0.1.tgz",
      "integrity": "sha512-wI9Nui/L8VfADa/cr/7NQruaASk1k23/Uh1khQ02BCVYiiy8F4AhOGnQzJy3Fl/c44GnYSbZHv8g7EcG3kJ1Qg==",
      "license": "MIT",
      "engines": {
        "node": ">=20"
      },
      "funding": {
        "url": "https://github.com/sponsors/sindresorhus"
      }
    },
    "node_modules/mimic-response": {
      "version": "4.0.0",
      "resolved": "https://registry.npmjs.org/mimic-response/-/mimic-response-4.0.0.tgz",
      "integrity": "sha512-e5ISH9xMYU0DzrT+jl8q2ze9D6eWBto+I8CNpe+VI+K2J/F/k3PdkdTdz4wvGVH4NTpo+NRYTVIuMQEMMcsLqg==",
      "license": "MIT",
      "engines": {
        "node": "^12.20.0 || ^14.13.1 || >=16.0.0"
      },
      "funding": {
        "url": "https://github.com/sponsors/sindresorhus"
      }
    },
    "node_modules/ms": {
      "version": "2.1.3",
      "resolved": "https://registry.npmjs.org/ms/-/ms-2.1.3.tgz",
      "integrity": "sha512-6FlzubTLZG3J2a/NVCAleEhjzq5oxgHyaCU9yYXvcLsvoVaHJq/s5xXI6/XXP6tz7R9xAOtHnSO/tXtF3WRTlA==",
      "license": "MIT"
    },
    "node_modules/normalize-url": {
      "version": "8.1.1",
      "resolved": "https://registry.npmjs.org/normalize-url/-/normalize-url-8.1.1.tgz",
      "integrity": "sha512-JYc0DPlpGWB40kH5g07gGTrYuMqV653k3uBKY6uITPWds3M0ov3GaWGp9lbE3Bzngx8+XkfzgvASb9vk9JDFXQ==",
      "license": "MIT",
      "engines": {
        "node": ">=14.16"
      },
      "funding": {
        "url": "https://github.com/sponsors/sindresorhus"
      }
    },
    "node_modules/oxfmt": {
      "version": "0.59.0",
      "resolved": "https://registry.npmjs.org/oxfmt/-/oxfmt-0.59.0.tgz",
      "integrity": "sha512-Xqk6cPZS1yMvVa7OAuenaDZUsgMDutvvbZ9/L5gSvAfW64+WN4HVhgipLj5rVERbYQt8fLs9TopyZ1rU1XEG/w==",
      "dev": true,
      "license": "MIT",
      "dependencies": {
        "tinypool": "2.1.0"
      },
      "bin": {
        "oxfmt": "bin/oxfmt"
      },
      "engines": {
        "node": "^20.19.0 || >=22.12.0"
      },
      "funding": {
        "url": "https://github.com/sponsors/Boshen"
      },
      "optionalDependencies": {
        "@oxfmt/binding-android-arm-eabi": "0.59.0",
        "@oxfmt/binding-android-arm64": "0.59.0",
        "@oxfmt/binding-darwin-arm64": "0.59.0",
        "@oxfmt/binding-darwin-x64": "0.59.0",
        "@oxfmt/binding-freebsd-x64": "0.59.0",
        "@oxfmt/binding-linux-arm-gnueabihf": "0.59.0",
        "@oxfmt/binding-linux-arm-musleabihf": "0.59.0",
        "@oxfmt/binding-linux-arm64-gnu": "0.59.0",
        "@oxfmt/binding-linux-arm64-musl": "0.59.0",
        "@oxfmt/binding-linux-ppc64-gnu": "0.59.0",
        "@oxfmt/binding-linux-riscv64-gnu": "0.59.0",
        "@oxfmt/binding-linux-riscv64-musl": "0.59.0",
        "@oxfmt/binding-linux-s390x-gnu": "0.59.0",
        "@oxfmt/binding-linux-x64-gnu": "0.59.0",
        "@oxfmt/binding-linux-x64-musl": "0.59.0",
        "@oxfmt/binding-openharmony-arm64": "0.59.0",
        "@oxfmt/binding-win32-arm64-msvc": "0.59.0",
        "@oxfmt/binding-win32-ia32-msvc": "0.59.0",
        "@oxfmt/binding-win32-x64-msvc": "0.59.0"
      },
      "peerDependencies": {
        "svelte": "^5.0.0",
        "vite-plus": "*"
      },
      "peerDependenciesMeta": {
        "svelte": {
          "optional": true
        },
        "vite-plus": {
          "optional": true
        }
      }
    },
    "node_modules/oxlint": {
      "version": "1.74.0",
      "resolved": "https://registry.npmjs.org/oxlint/-/oxlint-1.74.0.tgz",
      "integrity": "sha512-odGl2s2x5IOJoj3A0v1k0PGBXVFBZeZ2+AK/+K2MJur7Ghi3bkyX5NuLUWHKqa4js1wjep3hJeuTQJOlr+4+dA==",
      "dev": true,
      "license": "MIT",
      "bin": {
        "oxlint": "bin/oxlint"
      },
      "engines": {
        "node": "^20.19.0 || >=22.12.0"
      },
      "funding": {
        "url": "https://github.com/sponsors/Boshen"
      },
      "optionalDependencies": {
        "@oxlint/binding-android-arm-eabi": "1.74.0",
        "@oxlint/binding-android-arm64": "1.74.0",
        "@oxlint/binding-darwin-arm64": "1.74.0",
        "@oxlint/binding-darwin-x64": "1.74.0",
        "@oxlint/binding-freebsd-x64": "1.74.0",
        "@oxlint/binding-linux-arm-gnueabihf": "1.74.0",
        "@oxlint/binding-linux-arm-musleabihf": "1.74.0",
        "@oxlint/binding-linux-arm64-gnu": "1.74.0",
        "@oxlint/binding-linux-arm64-musl": "1.74.0",
        "@oxlint/binding-linux-ppc64-gnu": "1.74.0",
        "@oxlint/binding-linux-riscv64-gnu": "1.74.0",
        "@oxlint/binding-linux-riscv64-musl": "1.74.0",
        "@oxlint/binding-linux-s390x-gnu": "1.74.0",
        "@oxlint/binding-linux-x64-gnu": "1.74.0",
        "@oxlint/binding-linux-x64-musl": "1.74.0",
        "@oxlint/binding-openharmony-arm64": "1.74.0",
        "@oxlint/binding-win32-arm64-msvc": "1.74.0",
        "@oxlint/binding-win32-ia32-msvc": "1.74.0",
        "@oxlint/binding-win32-x64-msvc": "1.74.0"
      },
      "peerDependencies": {
        "oxlint-tsgolint": ">=0.24.0",
        "vite-plus": "*"
      },
      "peerDependenciesMeta": {
        "oxlint-tsgolint": {
          "optional": true
        },
        "vite-plus": {
          "optional": true
        }
      }
    },
    "node_modules/p-queue": {
      "version": "9.3.1",
      "resolved": "https://registry.npmjs.org/p-queue/-/p-queue-9.3.1.tgz",
      "integrity": "sha512-POWdiIPmsUPGwb4FeQ4OBg46aqmcInSWe45CKDsGHiOBiVQM9chqfQTuqhuTzcg2Vz9faTI65at0KkVyVEiCHw==",
      "license": "MIT",
      "dependencies": {
        "eventemitter3": "^5.0.4",
        "p-timeout": "^7.0.0"
      },
      "engines": {
        "node": ">=20"
      },
      "funding": {
        "url": "https://github.com/sponsors/sindresorhus"
      }
    },
    "node_modules/p-timeout": {
      "version": "7.0.1",
      "resolved": "https://registry.npmjs.org/p-timeout/-/p-timeout-7.0.1.tgz",
      "integrity": "sha512-AxTM2wDGORHGEkPCt8yqxOTMgpfbEHqF51f/5fJCmwFC3C/zNcGT63SymH2ttOAaiIws2zVg4+izQCjrakcwHg==",
      "license": "MIT",
      "engines": {
        "node": ">=20"
      },
      "funding": {
        "url": "https://github.com/sponsors/sindresorhus"
      }
    },
    "node_modules/pretty-bytes": {
      "version": "7.1.1",
      "resolved": "https://registry.npmjs.org/pretty-bytes/-/pretty-bytes-7.1.1.tgz",
      "integrity": "sha512-X+vn9z8nOFZQlxOLmfJ0iKDdMD7jYTsTW12OAlCpdoE3Igik6L37pugIZi+N3usuyp5McfgKPWi12q3zvHLeGQ==",
      "license": "MIT",
      "engines": {
        "node": ">=20"
      },
      "funding": {
        "url": "https://github.com/sponsors/sindresorhus"
      }
    },
    "node_modules/quick-lru": {
      "version": "5.1.1",
      "resolved": "https://registry.npmjs.org/quick-lru/-/quick-lru-5.1.1.tgz",
      "integrity": "sha512-WuyALRjWPDGtt/wzJiadO5AXY+8hZ80hVpe6MyivgraREW751X3SbhRvG3eLKOYN+8VEvqLcf3wdnt44Z4S4SA==",
      "license": "MIT",
      "engines": {
        "node": ">=10"
      },
      "funding": {
        "url": "https://github.com/sponsors/sindresorhus"
      }
    },
    "node_modules/resolve-alpn": {
      "version": "1.2.1",
      "resolved": "https://registry.npmjs.org/resolve-alpn/-/resolve-alpn-1.2.1.tgz",
      "integrity": "sha512-0a1F4l73/ZFZOakJnQ3FvkJ2+gSTQWz/r2KE5OdDY0TxPm5h4GkqkWWfM47T7HsbnOtcJVEF4epCVy6u7Q3K+g==",
      "license": "MIT"
    },
    "node_modules/responselike": {
      "version": "4.0.2",
      "resolved": "https://registry.npmjs.org/responselike/-/responselike-4.0.2.tgz",
      "integrity": "sha512-cGk8IbWEAnaCpdAt1BHzJ3Ahz5ewDJa0KseTsE3qIRMJ3C698W8psM7byCeWVpd/Ha7FUYzuRVzXoKoM6nRUbA==",
      "license": "MIT",
      "dependencies": {
        "lowercase-keys": "^3.0.0"
      },
      "engines": {
        "node": ">=20"
      },
      "funding": {
        "url": "https://github.com/sponsors/sindresorhus"
      }
    },
    "node_modules/responselike/node_modules/lowercase-keys": {
      "version": "3.0.0",
      "resolved": "https://registry.npmjs.org/lowercase-keys/-/lowercase-keys-3.0.0.tgz",
      "integrity": "sha512-ozCC6gdQ+glXOQsveKD0YsDy8DSQFjDTz4zyzEHNV5+JP5D62LmfDZ6o1cycFx9ouG940M5dE8C8CTewdj2YWQ==",
      "license": "MIT",
      "engines": {
        "node": "^12.20.0 || ^14.13.1 || >=16.0.0"
      },
      "funding": {
        "url": "https://github.com/sponsors/sindresorhus"
      }
    },
    "node_modules/strip-ansi": {
      "version": "7.2.0",
      "resolved": "https://registry.npmjs.org/strip-ansi/-/strip-ansi-7.2.0.tgz",
      "integrity": "sha512-yDPMNjp4WyfYBkHnjIRLfca1i6KMyGCtsVgoKe/z1+6vukgaENdgGBZt+ZmKPc4gavvEZ5OgHfHdrazhgNyG7w==",
      "license": "MIT",
      "dependencies": {
        "ansi-regex": "^6.2.2"
      },
      "engines": {
        "node": ">=12"
      },
      "funding": {
        "url": "https://github.com/chalk/strip-ansi?sponsor=1"
      }
    },
    "node_modules/tagged-tag": {
      "version": "1.0.0",
      "resolved": "https://registry.npmjs.org/tagged-tag/-/tagged-tag-1.0.0.tgz",
      "integrity": "sha512-yEFYrVhod+hdNyx7g5Bnkkb0G6si8HJurOoOEgC8B/O0uXLHlaey/65KRv6cuWBNhBgHKAROVpc7QyYqE5gFng==",
      "license": "MIT",
      "engines": {
        "node": ">=20"
      },
      "funding": {
        "url": "https://github.com/sponsors/sindresorhus"
      }
    },
    "node_modules/tinypool": {
      "version": "2.1.0",
      "resolved": "https://registry.npmjs.org/tinypool/-/tinypool-2.1.0.tgz",
      "integrity": "sha512-Pugqs6M0m7Lv1I7FtxN4aoyToKg1C4tu+/381vH35y8oENM/Ai7f7C4StcoK4/+BSw9ebcS8jRiVrORFKCALLw==",
      "dev": true,
      "license": "MIT",
      "engines": {
        "node": "^20.0.0 || >=22.0.0"
      }
    },
    "node_modules/type-fest": {
      "version": "5.8.0",
      "resolved": "https://registry.npmjs.org/type-fest/-/type-fest-5.8.0.tgz",
      "integrity": "sha512-YGYEVz3Fm5iy/AybuA0oyNFq7H4CgQNfRp/qfe8nurE1kuCeNm3/vfm9X4Mtl+qLyaKJUh5xrFZwogr41SMjYA==",
      "license": "(MIT OR CC0-1.0)",
      "dependencies": {
        "tagged-tag": "^1.0.0"
      },
      "engines": {
        "node": ">=20"
      },
      "funding": {
        "url": "https://github.com/sponsors/sindresorhus"
      }
    },
    "node_modules/uint8array-extras": {
      "version": "1.5.0",
      "resolved": "https://registry.npmjs.org/uint8array-extras/-/uint8array-extras-1.5.0.tgz",
      "integrity": "sha512-rvKSBiC5zqCCiDZ9kAOszZcDvdAHwwIKJG33Ykj43OKcWsnmcBRL09YTU4nOeHZ8Y2a7l1MgTd08SBe9A8Qj6A==",
      "license": "MIT",
      "engines": {
        "node": ">=18"
      },
      "funding": {
        "url": "https://github.com/sponsors/sindresorhus"
      }
    }
  }
}
