lockfileVersion: '9.0'

settings:
  autoInstallPeers: true
  excludeLinksFromLockfile: false

importers:

  .:
    dependencies:
      chalk:
        specifier: 5.6.2
        version: 5.6.2
      debug:
        specifier: 4.4.3
        version: 4.4.3
      got:
        specifier: 14.6.6
        version: 14.6.6
      p-queue:
        specifier: 9.1.0
        version: 9.1.0
      pretty-bytes:
        specifier: 7.1.0
        version: 7.1.0
      strip-ansi:
        specifier: 7.2.0
        version: 7.2.0
    devDependencies:
      '@k03mad/oxlint-config':
        specifier: 0.4.0
        version: 0.4.0
      husky:
        specifier: 9.1.7
        version: 9.1.7
      oxfmt:
        specifier: 0.41.0
        version: 0.41.0
      oxlint:
        specifier: 1.56.0
        version: 1.56.0

packages:

  '@k03mad/oxlint-config@0.4.0':
    resolution: {integrity: sha512-AYen5cc7CBAG9a9tEPPgyCpIqkjLBV7X2y+rAtBiukiJaSu9Qyi8YlGsowBNcLI/WiVN+d6uJ5HGt8FfAYhO8g==}
    engines: {node: '>=24'}

  '@keyv/serialize@1.1.1':
    resolution: {integrity: sha512-dXn3FZhPv0US+7dtJsIi2R+c7qWYiReoEh5zUntWCf4oSpMNib8FDhSoed6m3QyZdx5hK7iLFkYk3rNxwt8vTA==}

  '@oxfmt/binding-android-arm-eabi@0.41.0':
    resolution: {integrity: sha512-REfrqeMKGkfMP+m/ScX4f5jJBSmVNYcpoDF8vP8f8eYPDuPGZmzp56NIUsYmx3h7f6NzC6cE3gqh8GDWrJHCKw==}
    engines: {node: ^20.19.0 || >=22.12.0}
    cpu: [arm]
    os: [android]

  '@oxfmt/binding-android-arm64@0.41.0':
    resolution: {integrity: sha512-s0b1dxNgb2KomspFV2LfogC2XtSJB42POXF4bMCLJyvQmAGos4ZtjGPfQreToQEaY0FQFjz3030ggI36rF1q5g==}
    engines: {node: ^20.19.0 || >=22.12.0}
    cpu: [arm64]
    os: [android]

  '@oxfmt/binding-darwin-arm64@0.41.0':
    resolution: {integrity: sha512-EGXGualADbv/ZmamE7/2DbsrYmjoPlAmHEpTL4vapLF4EfVD6fr8/uQDFnPJkUBjiSWFJZtFNsGeN1B6V3owmA==}
    engines: {node: ^20.19.0 || >=22.12.0}
    cpu: [arm64]
    os: [darwin]

  '@oxfmt/binding-darwin-x64@0.41.0':
    resolution: {integrity: sha512-WxySJEvdQQYMmyvISH3qDpTvoS0ebnIP63IMxLLWowJyPp/AAH0hdWtlo+iGNK5y3eVfa5jZguwNaQkDKWpGSw==}
    engines: {node: ^20.19.0 || >=22.12.0}
    cpu: [x64]
    os: [darwin]

  '@oxfmt/binding-freebsd-x64@0.41.0':
    resolution: {integrity: sha512-Y2kzMkv3U3oyuYaR4wTfGjOTYTXiFC/hXmG0yVASKkbh02BJkvD98Ij8bIevr45hNZ0DmZEgqiXF+9buD4yMYQ==}
    engines: {node: ^20.19.0 || >=22.12.0}
    cpu: [x64]
    os: [freebsd]

  '@oxfmt/binding-linux-arm-gnueabihf@0.41.0':
    resolution: {integrity: sha512-ptazDjdUyhket01IjPTT6ULS1KFuBfTUU97osTP96X5y/0oso+AgAaJzuH81oP0+XXyrWIHbRzozSAuQm4p48g==}
    engines: {node: ^20.19.0 || >=22.12.0}
    cpu: [arm]
    os: [linux]

  '@oxfmt/binding-linux-arm-musleabihf@0.41.0':
    resolution: {integrity: sha512-UkoL2OKxFD+56bPEBcdGn+4juTW4HRv/T6w1dIDLnvKKWr6DbarB/mtHXlADKlFiJubJz8pRkttOR7qjYR6lTA==}
    engines: {node: ^20.19.0 || >=22.12.0}
    cpu: [arm]
    os: [linux]

  '@oxfmt/binding-linux-arm64-gnu@0.41.0':
    resolution: {integrity: sha512-gofu0PuumSOHYczD8p62CPY4UF6ee+rSLZJdUXkpwxg6pILiwSDBIouPskjF/5nF3A7QZTz2O9KFNkNxxFN9tA==}
    engines: {node: ^20.19.0 || >=22.12.0}
    cpu: [arm64]
    os: [linux]
    libc: [glibc]

  '@oxfmt/binding-linux-arm64-musl@0.41.0':
    resolution: {integrity: sha512-VfVZxL0+6RU86T8F8vKiDBa+iHsr8PAjQmKGBzSCAX70b6x+UOMFl+2dNihmKmUwqkCazCPfYjt6SuAPOeQJ3g==}
    engines: {node: ^20.19.0 || >=22.12.0}
    cpu: [arm64]
    os: [linux]
    libc: [musl]

  '@oxfmt/binding-linux-ppc64-gnu@0.41.0':
    resolution: {integrity: sha512-bwzokz2eGvdfJbc0i+zXMJ4BBjQPqg13jyWpEEZDOrBCQ91r8KeY2Mi2kUeuMTZNFXju+jcAbAbpyJxRGla0eg==}
    engines: {node: ^20.19.0 || >=22.12.0}
    cpu: [ppc64]
    os: [linux]
    libc: [glibc]

  '@oxfmt/binding-linux-riscv64-gnu@0.41.0':
    resolution: {integrity: sha512-POLM//PCH9uqDeNDwWL3b3DkMmI3oI2cU6hwc2lnztD1o7dzrQs3R9nq555BZ6wI7t2lyhT9CS+CRaz5X0XqLA==}
    engines: {node: ^20.19.0 || >=22.12.0}
    cpu: [riscv64]
    os: [linux]
    libc: [glibc]

  '@oxfmt/binding-linux-riscv64-musl@0.41.0':
    resolution: {integrity: sha512-NNK7PzhFqLUwx/G12Xtm6scGv7UITvyGdAR5Y+TlqsG+essnuRWR4jRNODWRjzLZod0T3SayRbnkSIWMBov33w==}
    engines: {node: ^20.19.0 || >=22.12.0}
    cpu: [riscv64]
    os: [linux]
    libc: [musl]

  '@oxfmt/binding-linux-s390x-gnu@0.41.0':
    resolution: {integrity: sha512-qVf/zDC5cN9eKe4qI/O/m445er1IRl6swsSl7jHkqmOSVfknwCe5JXitYjZca+V/cNJSU/xPlC5EFMabMMFDpw==}
    engines: {node: ^20.19.0 || >=22.12.0}
    cpu: [s390x]
    os: [linux]
    libc: [glibc]

  '@oxfmt/binding-linux-x64-gnu@0.41.0':
    resolution: {integrity: sha512-ojxYWu7vUb6ysYqVCPHuAPVZHAI40gfZ0PDtZAMwVmh2f0V8ExpPIKoAKr7/8sNbAXJBBpZhs2coypIo2jJX4w==}
    engines: {node: ^20.19.0 || >=22.12.0}
    cpu: [x64]
    os: [linux]
    libc: [glibc]

  '@oxfmt/binding-linux-x64-musl@0.41.0':
    resolution: {integrity: sha512-O2exZLBxoCMIv2vlvcbkdedazJPTdG0VSup+0QUCfYQtx751zCZNboX2ZUOiQ/gDTdhtXvSiot0h6GEGkOyalA==}
    engines: {node: ^20.19.0 || >=22.12.0}
    cpu: [x64]
    os: [linux]
    libc: [musl]

  '@oxfmt/binding-openharmony-arm64@0.41.0':
    resolution: {integrity: sha512-N+31/VoL+z+NNBt8viy3I4NaIdPbiYeOnB884LKqvXldaE2dRztdPv3q5ipfZYv0RwFp7JfqS4I27K/DSHCakg==}
    engines: {node: ^20.19.0 || >=22.12.0}
    cpu: [arm64]
    os: [openharmony]

  '@oxfmt/binding-win32-arm64-msvc@0.41.0':
    resolution: {integrity: sha512-Z7NAtu/RN8kjCQ1y5oDD0nTAeRswh3GJ93qwcW51srmidP7XPBmZbLlwERu1W5veCevQJtPS9xmkpcDTYsGIwQ==}
    engines: {node: ^20.19.0 || >=22.12.0}
    cpu: [arm64]
    os: [win32]

  '@oxfmt/binding-win32-ia32-msvc@0.41.0':
    resolution: {integrity: sha512-uNxxP3l4bJ6VyzIeRqCmBU2Q0SkCFgIhvx9/9dJ9V8t/v+jP1IBsuaLwCXGR8JPHtkj4tFp+RHtUmU2ZYAUpMA==}
    engines: {node: ^20.19.0 || >=22.12.0}
    cpu: [ia32]
    os: [win32]

  '@oxfmt/binding-win32-x64-msvc@0.41.0':
    resolution: {integrity: sha512-49ZSpbZ1noozyPapE8SUOSm3IN0Ze4b5nkO+4+7fq6oEYQQJFhE0saj5k/Gg4oewVPdjn0L3ZFeWk2Vehjcw7A==}
    engines: {node: ^20.19.0 || >=22.12.0}
    cpu: [x64]
    os: [win32]

  '@oxlint/binding-android-arm-eabi@1.56.0':
    resolution: {integrity: sha512-IyfYPthZyiSKwAv/dLjeO18SaK8MxLI9Yss2JrRDyweQAkuL3LhEy7pwIwI7uA3KQc1Vdn20kdmj3q0oUIQL6A==}
    engines: {node: ^20.19.0 || >=22.12.0}
    cpu: [arm]
    os: [android]

  '@oxlint/binding-android-arm64@1.56.0':
    resolution: {integrity: sha512-Ga5zYrzH6vc/VFxhn6MmyUnYEfy9vRpwTIks99mY3j6Nz30yYpIkWryI0QKPCgvGUtDSXVLEaMum5nA+WrNOSg==}
    engines: {node: ^20.19.0 || >=22.12.0}
    cpu: [arm64]
    os: [android]

  '@oxlint/binding-darwin-arm64@1.56.0':
    resolution: {integrity: sha512-ogmbdJysnw/D4bDcpf1sPLpFThZ48lYp4aKYm10Z/6Nh1SON6NtnNhTNOlhEY296tDFItsZUz+2tgcSYqh8Eyw==}
    engines: {node: ^20.19.0 || >=22.12.0}
    cpu: [arm64]
    os: [darwin]

  '@oxlint/binding-darwin-x64@1.56.0':
    resolution: {integrity: sha512-x8QE1h+RAtQ2g+3KPsP6Fk/tdz6zJQUv5c7fTrJxXV3GHOo+Ry5p/PsogU4U+iUZg0rj6hS+E4xi+mnwwlDCWQ==}
    engines: {node: ^20.19.0 || >=22.12.0}
    cpu: [x64]
    os: [darwin]

  '@oxlint/binding-freebsd-x64@1.56.0':
    resolution: {integrity: sha512-6G+WMZvwJpMvY7my+/SHEjb7BTk/PFbePqLpmVmUJRIsJMy/UlyYqjpuh0RCgYYkPLcnXm1rUM04kbTk8yS1Yg==}
    engines: {node: ^20.19.0 || >=22.12.0}
    cpu: [x64]
    os: [freebsd]

  '@oxlint/binding-linux-arm-gnueabihf@1.56.0':
    resolution: {integrity: sha512-YYHBsk/sl7fYwQOok+6W5lBPeUEvisznV/HZD2IfZmF3Bns6cPC3Z0vCtSEOaAWTjYWN3jVsdu55jMxKlsdlhg==}
    engines: {node: ^20.19.0 || >=22.12.0}
    cpu: [arm]
    os: [linux]

  '@oxlint/binding-linux-arm-musleabihf@1.56.0':
    resolution: {integrity: sha512-+AZK8rOUr78y8WT6XkDb04IbMRqauNV+vgT6f8ZLOH8wnpQ9i7Nol0XLxAu+Cq7Sb+J9wC0j6Km5hG8rj47/yQ==}
    engines: {node: ^20.19.0 || >=22.12.0}
    cpu: [arm]
    os: [linux]

  '@oxlint/binding-linux-arm64-gnu@1.56.0':
    resolution: {integrity: sha512-urse2SnugwJRojUkGSSeH2LPMaje5Q50yQtvtL9HFckiyeqXzoFwOAZqD5TR29R2lq7UHidfFDM9EGcchcbb8A==}
    engines: {node: ^20.19.0 || >=22.12.0}
    cpu: [arm64]
    os: [linux]
    libc: [glibc]

  '@oxlint/binding-linux-arm64-musl@1.56.0':
    resolution: {integrity: sha512-rkTZkBfJ4TYLjansjSzL6mgZOdN5IvUnSq3oNJSLwBcNvy3dlgQtpHPrRxrCEbbcp7oQ6If0tkNaqfOsphYZ9g==}
    engines: {node: ^20.19.0 || >=22.12.0}
    cpu: [arm64]
    os: [linux]
    libc: [musl]

  '@oxlint/binding-linux-ppc64-gnu@1.56.0':
    resolution: {integrity: sha512-uqL1kMH3u69/e1CH2EJhP3CP28jw2ExLsku4o8RVAZ7fySo9zOyI2fy9pVlTAp4voBLVgzndXi3SgtdyCTa2aA==}
    engines: {node: ^20.19.0 || >=22.12.0}
    cpu: [ppc64]
    os: [linux]
    libc: [glibc]

  '@oxlint/binding-linux-riscv64-gnu@1.56.0':
    resolution: {integrity: sha512-j0CcMBOgV6KsRaBdsebIeiy7hCjEvq2KdEsiULf2LZqAq0v1M1lWjelhCV57LxsqaIGChXFuFJ0RiFrSRHPhSg==}
    engines: {node: ^20.19.0 || >=22.12.0}
    cpu: [riscv64]
    os: [linux]
    libc: [glibc]

  '@oxlint/binding-linux-riscv64-musl@1.56.0':
    resolution: {integrity: sha512-7VDOiL8cDG3DQ/CY3yKjbV1c4YPvc4vH8qW09Vv+5ukq3l/Kcyr6XGCd5NvxUmxqDb2vjMpM+eW/4JrEEsUetA==}
    engines: {node: ^20.19.0 || >=22.12.0}
    cpu: [riscv64]
    os: [linux]
    libc: [musl]

  '@oxlint/binding-linux-s390x-gnu@1.56.0':
    resolution: {integrity: sha512-JGRpX0M+ikD3WpwJ7vKcHKV6Kg0dT52BW2Eu2BupXotYeqGXBrbY+QPkAyKO6MNgKozyTNaRh3r7g+VWgyAQYQ==}
    engines: {node: ^20.19.0 || >=22.12.0}
    cpu: [s390x]
    os: [linux]
    libc: [glibc]

  '@oxlint/binding-linux-x64-gnu@1.56.0':
    resolution: {integrity: sha512-dNaICPvtmuxFP/VbqdofrLqdS3bM/AKJN3LMJD52si44ea7Be1cBk6NpfIahaysG9Uo+L98QKddU9CD5L8UHnQ==}
    engines: {node: ^20.19.0 || >=22.12.0}
    cpu: [x64]
    os: [linux]
    libc: [glibc]

  '@oxlint/binding-linux-x64-musl@1.56.0':
    resolution: {integrity: sha512-pF1vOtM+GuXmbklM1hV8WMsn6tCNPvkUzklj/Ej98JhlanbmA2RB1BILgOpwSuCTRTIYx2MXssmEyQQ90QF5aA==}
    engines: {node: ^20.19.0 || >=22.12.0}
    cpu: [x64]
    os: [linux]
    libc: [musl]

  '@oxlint/binding-openharmony-arm64@1.56.0':
    resolution: {integrity: sha512-bp8NQ4RE6fDIFLa4bdBiOA+TAvkNkg+rslR+AvvjlLTYXLy9/uKAYLQudaQouWihLD/hgkrXIKKzXi5IXOewwg==}
    engines: {node: ^20.19.0 || >=22.12.0}
    cpu: [arm64]
    os: [openharmony]

  '@oxlint/binding-win32-arm64-msvc@1.56.0':
    resolution: {integrity: sha512-PxT4OJDfMOQBzo3OlzFb9gkoSD+n8qSBxyVq2wQSZIHFQYGEqIRTo9M0ZStvZm5fdhMqaVYpOnJvH2hUMEDk/g==}
    engines: {node: ^20.19.0 || >=22.12.0}
    cpu: [arm64]
    os: [win32]

  '@oxlint/binding-win32-ia32-msvc@1.56.0':
    resolution: {integrity: sha512-PTRy6sIEPqy2x8PTP1baBNReN/BNEFmde0L+mYeHmjXE1Vlcc9+I5nsqENsB2yAm5wLkzPoTNCMY/7AnabT4/A==}
    engines: {node: ^20.19.0 || >=22.12.0}
    cpu: [ia32]
    os: [win32]

  '@oxlint/binding-win32-x64-msvc@1.56.0':
    resolution: {integrity: sha512-ZHa0clocjLmIDr+1LwoWtxRcoYniAvERotvwKUYKhH41NVfl0Y4LNbyQkwMZzwDvKklKGvGZ5+DAG58/Ik47tQ==}
    engines: {node: ^20.19.0 || >=22.12.0}
    cpu: [x64]
    os: [win32]

  '@sec-ant/readable-stream@0.4.1':
    resolution: {integrity: sha512-831qok9r2t8AlxLko40y2ebgSDhenenCatLVeW/uBtnHPyhHOvG0C7TvfgecV+wHzIm5KUICgzmVpWS+IMEAeg==}

  '@sindresorhus/is@7.2.0':
    resolution: {integrity: sha512-P1Cz1dWaFfR4IR+U13mqqiGsLFf1KbayybWwdd2vfctdV6hDpUkgCY0nKOLLTMSoRd/jJNjtbqzf13K8DCCXQw==}
    engines: {node: '>=18'}

  '@types/http-cache-semantics@4.2.0':
    resolution: {integrity: sha512-L3LgimLHXtGkWikKnsPg0/VFx9OGZaC+eN1u4r+OB1XRqH3meBIAVC2zr1WdMH+RHmnRkqliQAOHNJ/E0j/e0Q==}

  ansi-regex@6.2.2:
    resolution: {integrity: sha512-Bq3SmSpyFHaWjPk8If9yc6svM8c56dB5BAtW4Qbw5jHTwwXXcTLoRMkpDJp6VL0XzlWaCHTXrkFURMYmD0sLqg==}
    engines: {node: '>=12'}

  byte-counter@0.1.0:
    resolution: {integrity: sha512-jheRLVMeUKrDBjVw2O5+k4EvR4t9wtxHL+bo/LxfkxsVeuGMy3a5SEGgXdAFA4FSzTrU8rQXQIrsZ3oBq5a0pQ==}
    engines: {node: '>=20'}

  cacheable-lookup@7.0.0:
    resolution: {integrity: sha512-+qJyx4xiKra8mZrcwhjMRMUhD5NR1R8esPkzIYxX96JiecFoxAXFuz/GpR3+ev4PE1WamHip78wV0vcmPQtp8w==}
    engines: {node: '>=14.16'}

  cacheable-request@13.0.18:
    resolution: {integrity: sha512-rFWadDRKJs3s2eYdXlGggnBZKG7MTblkFBB0YllFds+UYnfogDp2wcR6JN97FhRkHTvq59n2vhNoHNZn29dh/Q==}
    engines: {node: '>=18'}

  chalk@5.6.2:
    resolution: {integrity: sha512-7NzBL0rN6fMUW+f7A6Io4h40qQlG+xGmtMxfbnH/K7TAtt8JQWVQK+6g0UXKMeVJoyV5EkkNsErQ8pVD3bLHbA==}
    engines: {node: ^12.17.0 || ^14.13 || >=16.0.0}

  debug@4.4.3:
    resolution: {integrity: sha512-RGwwWnwQvkVfavKVt22FGLw+xYSdzARwm0ru6DhTVA3umU5hZc28V3kO4stgYryrTlLpuvgI9GiijltAjNbcqA==}
    engines: {node: '>=6.0'}
    peerDependencies:
      supports-color: '*'
    peerDependenciesMeta:
      supports-color:
        optional: true

  decompress-response@10.0.0:
    resolution: {integrity: sha512-oj7KWToJuuxlPr7VV0vabvxEIiqNMo+q0NueIiL3XhtwC6FVOX7Hr1c0C4eD0bmf7Zr+S/dSf2xvkH3Ad6sU3Q==}
    engines: {node: '>=20'}

  eventemitter3@5.0.4:
    resolution: {integrity: sha512-mlsTRyGaPBjPedk6Bvw+aqbsXDtoAyAzm5MO7JgU+yVRyMQ5O8bD4Kcci7BS85f93veegeCPkL8R4GLClnjLFw==}

  form-data-encoder@4.1.0:
    resolution: {integrity: sha512-G6NsmEW15s0Uw9XnCg+33H3ViYRyiM0hMrMhhqQOR8NFc5GhYrI+6I3u7OTw7b91J2g8rtvMBZJDbcGb2YUniw==}
    engines: {node: '>= 18'}

  get-stream@9.0.1:
    resolution: {integrity: sha512-kVCxPF3vQM/N0B1PmoqVUqgHP+EeVjmZSQn+1oCRPxd2P21P2F19lIgbR3HBosbB1PUhOAoctJnfEn2GbN2eZA==}
    engines: {node: '>=18'}

  got@14.6.6:
    resolution: {integrity: sha512-QLV1qeYSo5l13mQzWgP/y0LbMr5Plr5fJilgAIwgnwseproEbtNym8xpLsDzeZ6MWXgNE6kdWGBjdh3zT/Qerg==}
    engines: {node: '>=20'}

  http-cache-semantics@4.2.0:
    resolution: {integrity: sha512-dTxcvPXqPvXBQpq5dUr6mEMJX4oIEFv6bwom3FDwKRDsuIjjJGANqhBuoAn9c1RQJIdAKav33ED65E2ys+87QQ==}

  http2-wrapper@2.2.1:
    resolution: {integrity: sha512-V5nVw1PAOgfI3Lmeaj2Exmeg7fenjhRUgz1lPSezy1CuhPYbgQtbQj4jZfEAEMlaL+vupsvhjqCyjzob0yxsmQ==}
    engines: {node: '>=10.19.0'}

  husky@9.1.7:
    resolution: {integrity: sha512-5gs5ytaNjBrh5Ow3zrvdUUY+0VxIuWVL4i9irt6friV+BqdCfmV11CQTWMiBYWHbXhco+J1kHfTOUkePhCDvMA==}
    engines: {node: '>=18'}
    hasBin: true

  is-stream@4.0.1:
    resolution: {integrity: sha512-Dnz92NInDqYckGEUJv689RbRiTSEHCQ7wOVeALbkOz999YpqT46yMRIGtSNl2iCL1waAZSx40+h59NV/EwzV/A==}
    engines: {node: '>=18'}

  keyv@5.6.0:
    resolution: {integrity: sha512-CYDD3SOtsHtyXeEORYRx2qBtpDJFjRTGXUtmNEMGyzYOKj1TE3tycdlho7kA1Ufx9OYWZzg52QFBGALTirzDSw==}

  lowercase-keys@3.0.0:
    resolution: {integrity: sha512-ozCC6gdQ+glXOQsveKD0YsDy8DSQFjDTz4zyzEHNV5+JP5D62LmfDZ6o1cycFx9ouG940M5dE8C8CTewdj2YWQ==}
    engines: {node: ^12.20.0 || ^14.13.1 || >=16.0.0}

  mimic-response@4.0.0:
    resolution: {integrity: sha512-e5ISH9xMYU0DzrT+jl8q2ze9D6eWBto+I8CNpe+VI+K2J/F/k3PdkdTdz4wvGVH4NTpo+NRYTVIuMQEMMcsLqg==}
    engines: {node: ^12.20.0 || ^14.13.1 || >=16.0.0}

  ms@2.1.3:
    resolution: {integrity: sha512-6FlzubTLZG3J2a/NVCAleEhjzq5oxgHyaCU9yYXvcLsvoVaHJq/s5xXI6/XXP6tz7R9xAOtHnSO/tXtF3WRTlA==}

  normalize-url@8.1.1:
    resolution: {integrity: sha512-JYc0DPlpGWB40kH5g07gGTrYuMqV653k3uBKY6uITPWds3M0ov3GaWGp9lbE3Bzngx8+XkfzgvASb9vk9JDFXQ==}
    engines: {node: '>=14.16'}

  oxfmt@0.41.0:
    resolution: {integrity: sha512-sKLdJZdQ3bw6x9qKiT7+eID4MNEXlDHf5ZacfIircrq6Qwjk0L6t2/JQlZZrVHTXJawK3KaMuBoJnEJPcqCEdg==}
    engines: {node: ^20.19.0 || >=22.12.0}
    hasBin: true

  oxlint@1.56.0:
    resolution: {integrity: sha512-Q+5Mj5PVaH/R6/fhMMFzw4dT+KPB+kQW4kaL8FOIq7tfhlnEVp6+3lcWqFruuTNlUo9srZUW3qH7Id4pskeR6g==}
    engines: {node: ^20.19.0 || >=22.12.0}
    hasBin: true
    peerDependencies:
      oxlint-tsgolint: '>=0.15.0'
    peerDependenciesMeta:
      oxlint-tsgolint:
        optional: true

  p-cancelable@4.0.1:
    resolution: {integrity: sha512-wBowNApzd45EIKdO1LaU+LrMBwAcjfPaYtVzV3lmfM3gf8Z4CHZsiIqlM8TZZ8okYvh5A1cP6gTfCRQtwUpaUg==}
    engines: {node: '>=14.16'}

  p-queue@9.1.0:
    resolution: {integrity: sha512-O/ZPaXuQV29uSLbxWBGGZO1mCQXV2BLIwUr59JUU9SoH76mnYvtms7aafH/isNSNGwuEfP6W/4xD0/TJXxrizw==}
    engines: {node: '>=20'}

  p-timeout@7.0.1:
    resolution: {integrity: sha512-AxTM2wDGORHGEkPCt8yqxOTMgpfbEHqF51f/5fJCmwFC3C/zNcGT63SymH2ttOAaiIws2zVg4+izQCjrakcwHg==}
    engines: {node: '>=20'}

  pretty-bytes@7.1.0:
    resolution: {integrity: sha512-nODzvTiYVRGRqAOvE84Vk5JDPyyxsVk0/fbA/bq7RqlnhksGpset09XTxbpvLTIjoaF7K8Z8DG8yHtKGTPSYRw==}
    engines: {node: '>=20'}

  quick-lru@5.1.1:
    resolution: {integrity: sha512-WuyALRjWPDGtt/wzJiadO5AXY+8hZ80hVpe6MyivgraREW751X3SbhRvG3eLKOYN+8VEvqLcf3wdnt44Z4S4SA==}
    engines: {node: '>=10'}

  resolve-alpn@1.2.1:
    resolution: {integrity: sha512-0a1F4l73/ZFZOakJnQ3FvkJ2+gSTQWz/r2KE5OdDY0TxPm5h4GkqkWWfM47T7HsbnOtcJVEF4epCVy6u7Q3K+g==}

  responselike@4.0.2:
    resolution: {integrity: sha512-cGk8IbWEAnaCpdAt1BHzJ3Ahz5ewDJa0KseTsE3qIRMJ3C698W8psM7byCeWVpd/Ha7FUYzuRVzXoKoM6nRUbA==}
    engines: {node: '>=20'}

  strip-ansi@7.2.0:
    resolution: {integrity: sha512-yDPMNjp4WyfYBkHnjIRLfca1i6KMyGCtsVgoKe/z1+6vukgaENdgGBZt+ZmKPc4gavvEZ5OgHfHdrazhgNyG7w==}
    engines: {node: '>=12'}

  tinypool@2.1.0:
    resolution: {integrity: sha512-Pugqs6M0m7Lv1I7FtxN4aoyToKg1C4tu+/381vH35y8oENM/Ai7f7C4StcoK4/+BSw9ebcS8jRiVrORFKCALLw==}
    engines: {node: ^20.0.0 || >=22.0.0}

  type-fest@4.41.0:
    resolution: {integrity: sha512-TeTSQ6H5YHvpqVwBRcnLDCBnDOHWYu7IvGbHT6N8AOymcr9PJGjc1GTtiWZTYg0NCgYwvnYWEkVChQAr9bjfwA==}
    engines: {node: '>=16'}

snapshots:

  '@k03mad/oxlint-config@0.4.0': {}

  '@keyv/serialize@1.1.1': {}

  '@oxfmt/binding-android-arm-eabi@0.41.0':
    optional: true

  '@oxfmt/binding-android-arm64@0.41.0':
    optional: true

  '@oxfmt/binding-darwin-arm64@0.41.0':
    optional: true

  '@oxfmt/binding-darwin-x64@0.41.0':
    optional: true

  '@oxfmt/binding-freebsd-x64@0.41.0':
    optional: true

  '@oxfmt/binding-linux-arm-gnueabihf@0.41.0':
    optional: true

  '@oxfmt/binding-linux-arm-musleabihf@0.41.0':
    optional: true

  '@oxfmt/binding-linux-arm64-gnu@0.41.0':
    optional: true

  '@oxfmt/binding-linux-arm64-musl@0.41.0':
    optional: true

  '@oxfmt/binding-linux-ppc64-gnu@0.41.0':
    optional: true

  '@oxfmt/binding-linux-riscv64-gnu@0.41.0':
    optional: true

  '@oxfmt/binding-linux-riscv64-musl@0.41.0':
    optional: true

  '@oxfmt/binding-linux-s390x-gnu@0.41.0':
    optional: true

  '@oxfmt/binding-linux-x64-gnu@0.41.0':
    optional: true

  '@oxfmt/binding-linux-x64-musl@0.41.0':
    optional: true

  '@oxfmt/binding-openharmony-arm64@0.41.0':
    optional: true

  '@oxfmt/binding-win32-arm64-msvc@0.41.0':
    optional: true

  '@oxfmt/binding-win32-ia32-msvc@0.41.0':
    optional: true

  '@oxfmt/binding-win32-x64-msvc@0.41.0':
    optional: true

  '@oxlint/binding-android-arm-eabi@1.56.0':
    optional: true

  '@oxlint/binding-android-arm64@1.56.0':
    optional: true

  '@oxlint/binding-darwin-arm64@1.56.0':
    optional: true

  '@oxlint/binding-darwin-x64@1.56.0':
    optional: true

  '@oxlint/binding-freebsd-x64@1.56.0':
    optional: true

  '@oxlint/binding-linux-arm-gnueabihf@1.56.0':
    optional: true

  '@oxlint/binding-linux-arm-musleabihf@1.56.0':
    optional: true

  '@oxlint/binding-linux-arm64-gnu@1.56.0':
    optional: true

  '@oxlint/binding-linux-arm64-musl@1.56.0':
    optional: true

  '@oxlint/binding-linux-ppc64-gnu@1.56.0':
    optional: true

  '@oxlint/binding-linux-riscv64-gnu@1.56.0':
    optional: true

  '@oxlint/binding-linux-riscv64-musl@1.56.0':
    optional: true

  '@oxlint/binding-linux-s390x-gnu@1.56.0':
    optional: true

  '@oxlint/binding-linux-x64-gnu@1.56.0':
    optional: true

  '@oxlint/binding-linux-x64-musl@1.56.0':
    optional: true

  '@oxlint/binding-openharmony-arm64@1.56.0':
    optional: true

  '@oxlint/binding-win32-arm64-msvc@1.56.0':
    optional: true

  '@oxlint/binding-win32-ia32-msvc@1.56.0':
    optional: true

  '@oxlint/binding-win32-x64-msvc@1.56.0':
    optional: true

  '@sec-ant/readable-stream@0.4.1': {}

  '@sindresorhus/is@7.2.0': {}

  '@types/http-cache-semantics@4.2.0': {}

  ansi-regex@6.2.2: {}

  byte-counter@0.1.0: {}

  cacheable-lookup@7.0.0: {}

  cacheable-request@13.0.18:
    dependencies:
      '@types/http-cache-semantics': 4.2.0
      get-stream: 9.0.1
      http-cache-semantics: 4.2.0
      keyv: 5.6.0
      mimic-response: 4.0.0
      normalize-url: 8.1.1
      responselike: 4.0.2

  chalk@5.6.2: {}

  debug@4.4.3:
    dependencies:
      ms: 2.1.3

  decompress-response@10.0.0:
    dependencies:
      mimic-response: 4.0.0

  eventemitter3@5.0.4: {}

  form-data-encoder@4.1.0: {}

  get-stream@9.0.1:
    dependencies:
      '@sec-ant/readable-stream': 0.4.1
      is-stream: 4.0.1

  got@14.6.6:
    dependencies:
      '@sindresorhus/is': 7.2.0
      byte-counter: 0.1.0
      cacheable-lookup: 7.0.0
      cacheable-request: 13.0.18
      decompress-response: 10.0.0
      form-data-encoder: 4.1.0
      http2-wrapper: 2.2.1
      keyv: 5.6.0
      lowercase-keys: 3.0.0
      p-cancelable: 4.0.1
      responselike: 4.0.2
      type-fest: 4.41.0

  http-cache-semantics@4.2.0: {}

  http2-wrapper@2.2.1:
    dependencies:
      quick-lru: 5.1.1
      resolve-alpn: 1.2.1

  husky@9.1.7: {}

  is-stream@4.0.1: {}

  keyv@5.6.0:
    dependencies:
      '@keyv/serialize': 1.1.1

  lowercase-keys@3.0.0: {}

  mimic-response@4.0.0: {}

  ms@2.1.3: {}

  normalize-url@8.1.1: {}

  oxfmt@0.41.0:
    dependencies:
      tinypool: 2.1.0
    optionalDependencies:
      '@oxfmt/binding-android-arm-eabi': 0.41.0
      '@oxfmt/binding-android-arm64': 0.41.0
      '@oxfmt/binding-darwin-arm64': 0.41.0
      '@oxfmt/binding-darwin-x64': 0.41.0
      '@oxfmt/binding-freebsd-x64': 0.41.0
      '@oxfmt/binding-linux-arm-gnueabihf': 0.41.0
      '@oxfmt/binding-linux-arm-musleabihf': 0.41.0
      '@oxfmt/binding-linux-arm64-gnu': 0.41.0
      '@oxfmt/binding-linux-arm64-musl': 0.41.0
      '@oxfmt/binding-linux-ppc64-gnu': 0.41.0
      '@oxfmt/binding-linux-riscv64-gnu': 0.41.0
      '@oxfmt/binding-linux-riscv64-musl': 0.41.0
      '@oxfmt/binding-linux-s390x-gnu': 0.41.0
      '@oxfmt/binding-linux-x64-gnu': 0.41.0
      '@oxfmt/binding-linux-x64-musl': 0.41.0
      '@oxfmt/binding-openharmony-arm64': 0.41.0
      '@oxfmt/binding-win32-arm64-msvc': 0.41.0
      '@oxfmt/binding-win32-ia32-msvc': 0.41.0
      '@oxfmt/binding-win32-x64-msvc': 0.41.0

  oxlint@1.56.0:
    optionalDependencies:
      '@oxlint/binding-android-arm-eabi': 1.56.0
      '@oxlint/binding-android-arm64': 1.56.0
      '@oxlint/binding-darwin-arm64': 1.56.0
      '@oxlint/binding-darwin-x64': 1.56.0
      '@oxlint/binding-freebsd-x64': 1.56.0
      '@oxlint/binding-linux-arm-gnueabihf': 1.56.0
      '@oxlint/binding-linux-arm-musleabihf': 1.56.0
      '@oxlint/binding-linux-arm64-gnu': 1.56.0
      '@oxlint/binding-linux-arm64-musl': 1.56.0
      '@oxlint/binding-linux-ppc64-gnu': 1.56.0
      '@oxlint/binding-linux-riscv64-gnu': 1.56.0
      '@oxlint/binding-linux-riscv64-musl': 1.56.0
      '@oxlint/binding-linux-s390x-gnu': 1.56.0
      '@oxlint/binding-linux-x64-gnu': 1.56.0
      '@oxlint/binding-linux-x64-musl': 1.56.0
      '@oxlint/binding-openharmony-arm64': 1.56.0
      '@oxlint/binding-win32-arm64-msvc': 1.56.0
      '@oxlint/binding-win32-ia32-msvc': 1.56.0
      '@oxlint/binding-win32-x64-msvc': 1.56.0

  p-cancelable@4.0.1: {}

  p-queue@9.1.0:
    dependencies:
      eventemitter3: 5.0.4
      p-timeout: 7.0.1

  p-timeout@7.0.1: {}

  pretty-bytes@7.1.0: {}

  quick-lru@5.1.1: {}

  resolve-alpn@1.2.1: {}

  responselike@4.0.2:
    dependencies:
      lowercase-keys: 3.0.0

  strip-ansi@7.2.0:
    dependencies:
      ansi-regex: 6.2.2

  tinypool@2.1.0: {}

  type-fest@4.41.0: {}
