lockfileVersion: '9.0'

settings:
  autoInstallPeers: true
  excludeLinksFromLockfile: false

importers:

  .:
    dependencies:
      chalk:
        specifier: 5.6.2
        version: 5.6.2
      debug:
        specifier: 4.4.3
        version: 4.4.3
      got:
        specifier: 14.6.6
        version: 14.6.6
      p-queue:
        specifier: 9.1.0
        version: 9.1.0
      pretty-bytes:
        specifier: 7.1.0
        version: 7.1.0
      strip-ansi:
        specifier: 7.2.0
        version: 7.2.0
    devDependencies:
      '@k03mad/oxlint-config':
        specifier: 0.1.0
        version: 0.1.0
      husky:
        specifier: 9.1.7
        version: 9.1.7
      oxfmt:
        specifier: 0.35.0
        version: 0.35.0
      oxlint:
        specifier: 1.50.0
        version: 1.50.0

packages:

  '@k03mad/oxlint-config@0.1.0':
    resolution: {integrity: sha512-NvI17kRLmgEIr+QSIlxr1qZJDhP7pWoqJev8oj/FewiwK9ObOkyD1QkIuh+ZBRR7QsQI30nU1iBaSuQ/6/xNQg==}
    engines: {node: '>=24'}

  '@keyv/serialize@1.1.1':
    resolution: {integrity: sha512-dXn3FZhPv0US+7dtJsIi2R+c7qWYiReoEh5zUntWCf4oSpMNib8FDhSoed6m3QyZdx5hK7iLFkYk3rNxwt8vTA==}

  '@oxfmt/binding-android-arm-eabi@0.35.0':
    resolution: {integrity: sha512-BaRKlM3DyG81y/xWTsE6gZiv89F/3pHe2BqX2H4JbiB8HNVlWWtplzgATAE5IDSdwChdeuWLDTQzJ92Lglw3ZA==}
    engines: {node: ^20.19.0 || >=22.12.0}
    cpu: [arm]
    os: [android]

  '@oxfmt/binding-android-arm64@0.35.0':
    resolution: {integrity: sha512-/O+EbuAJYs6nde/anv+aID6uHsGQApyE9JtYBo/79KyU8e6RBN3DMbT0ix97y1SOnCglurmL2iZ+hlohjP2PnQ==}
    engines: {node: ^20.19.0 || >=22.12.0}
    cpu: [arm64]
    os: [android]

  '@oxfmt/binding-darwin-arm64@0.35.0':
    resolution: {integrity: sha512-pGqRtqlNdn9d4VrmGUWVyQjkw79ryhI6je9y2jfqNUIZCfqceob+R97YYAoG7C5TFyt8ILdLVoN+L2vw/hSFyA==}
    engines: {node: ^20.19.0 || >=22.12.0}
    cpu: [arm64]
    os: [darwin]

  '@oxfmt/binding-darwin-x64@0.35.0':
    resolution: {integrity: sha512-8GmsDcSozTPjrCJeGpp+sCmS9+9V5yRrdEZ1p/sTWxPG5nYeAfSLuS0nuEYjXSO+CtdSbStIW6dxa+4NM58yRw==}
    engines: {node: ^20.19.0 || >=22.12.0}
    cpu: [x64]
    os: [darwin]

  '@oxfmt/binding-freebsd-x64@0.35.0':
    resolution: {integrity: sha512-QyfKfTe0ytHpFKHAcHCGQEzN45QSqq1AHJOYYxQMgLM3KY4xu8OsXHpCnINjDsV4XGnQzczJDU9e04Zmd8XqIQ==}
    engines: {node: ^20.19.0 || >=22.12.0}
    cpu: [x64]
    os: [freebsd]

  '@oxfmt/binding-linux-arm-gnueabihf@0.35.0':
    resolution: {integrity: sha512-u+kv3JD6P3J38oOyUaiCqgY5TNESzBRZJ5lyZQ6c2czUW2v5SIN9E/KWWa9vxoc+P8AFXQFUVrdzGy1tK+nbPQ==}
    engines: {node: ^20.19.0 || >=22.12.0}
    cpu: [arm]
    os: [linux]

  '@oxfmt/binding-linux-arm-musleabihf@0.35.0':
    resolution: {integrity: sha512-1NiZroCiV57I7Pf8kOH4XGR366kW5zir3VfSMBU2D0V14GpYjiYmPYFAoJboZvp8ACnZKUReWyMkNKSa5ad58A==}
    engines: {node: ^20.19.0 || >=22.12.0}
    cpu: [arm]
    os: [linux]

  '@oxfmt/binding-linux-arm64-gnu@0.35.0':
    resolution: {integrity: sha512-7Q0Xeg7ZnW2nxnZ4R7aF6DEbCFls4skgHZg+I63XitpNvJCbVIU8MFOTZlvZGRsY9+rPgWPQGeUpLHlyx0wvMA==}
    engines: {node: ^20.19.0 || >=22.12.0}
    cpu: [arm64]
    os: [linux]

  '@oxfmt/binding-linux-arm64-musl@0.35.0':
    resolution: {integrity: sha512-5Okqi+uhYFxwKz8hcnUftNNwdm8BCkf6GSCbcz9xJxYMm87k1E4p7PEmAAbhLTk7cjSdDre6TDL0pDzNX+Y22Q==}
    engines: {node: ^20.19.0 || >=22.12.0}
    cpu: [arm64]
    os: [linux]

  '@oxfmt/binding-linux-ppc64-gnu@0.35.0':
    resolution: {integrity: sha512-9k66pbZQXM/lBJWys3Xbc5yhl4JexyfqkEf/tvtq8976VIJnLAAL3M127xHA3ifYSqxdVHfVGTg84eiBHCGcNw==}
    engines: {node: ^20.19.0 || >=22.12.0}
    cpu: [ppc64]
    os: [linux]

  '@oxfmt/binding-linux-riscv64-gnu@0.35.0':
    resolution: {integrity: sha512-aUcY9ofKPtjO52idT6t0SAQvEF6ctjzUQa1lLp7GDsRpSBvuTrBQGeq0rYKz3gN8dMIQ7mtMdGD9tT4LhR8jAQ==}
    engines: {node: ^20.19.0 || >=22.12.0}
    cpu: [riscv64]
    os: [linux]

  '@oxfmt/binding-linux-riscv64-musl@0.35.0':
    resolution: {integrity: sha512-C6yhY5Hvc2sGM+mCPek9ZLe5xRUOC/BvhAt2qIWFAeXMn4il04EYIjl3DsWiJr0xDMTJhvMOmD55xTRPlNp39w==}
    engines: {node: ^20.19.0 || >=22.12.0}
    cpu: [riscv64]
    os: [linux]

  '@oxfmt/binding-linux-s390x-gnu@0.35.0':
    resolution: {integrity: sha512-RG2hlvOMK4OMZpO3mt8MpxLQ0AAezlFqhn5mI/g5YrVbPFyoCv9a34AAvbSJS501ocOxlFIRcKEuw5hFvddf9g==}
    engines: {node: ^20.19.0 || >=22.12.0}
    cpu: [s390x]
    os: [linux]

  '@oxfmt/binding-linux-x64-gnu@0.35.0':
    resolution: {integrity: sha512-wzmh90Pwvqj9xOKHJjkQYBpydRkaXG77ZvDz+iFDRRQpnqIEqGm5gmim2s6vnZIkDGsvKCuTdtxm0GFmBjM1+w==}
    engines: {node: ^20.19.0 || >=22.12.0}
    cpu: [x64]
    os: [linux]

  '@oxfmt/binding-linux-x64-musl@0.35.0':
    resolution: {integrity: sha512-+HCqYCJPCUy5I+b2cf+gUVaApfgtoQT3HdnSg/l7NIcLHOhKstlYaGyrFZLmUpQt4WkFbpGKZZayG6zjRU0KFA==}
    engines: {node: ^20.19.0 || >=22.12.0}
    cpu: [x64]
    os: [linux]

  '@oxfmt/binding-openharmony-arm64@0.35.0':
    resolution: {integrity: sha512-kFYmWfR9YL78XyO5ws+1dsxNvZoD973qfVMNFOS4e9bcHXGF7DvGC2tY5UDFwyMCeB33t3sDIuGONKggnVNSJA==}
    engines: {node: ^20.19.0 || >=22.12.0}
    cpu: [arm64]
    os: [openharmony]

  '@oxfmt/binding-win32-arm64-msvc@0.35.0':
    resolution: {integrity: sha512-uD/NGdM65eKNCDGyTGdO8e9n3IHX+wwuorBvEYrPJXhDXL9qz6gzddmXH8EN04ejUXUujlq4FsoSeCfbg0Y+Jg==}
    engines: {node: ^20.19.0 || >=22.12.0}
    cpu: [arm64]
    os: [win32]

  '@oxfmt/binding-win32-ia32-msvc@0.35.0':
    resolution: {integrity: sha512-oSRD2k8J2uxYDEKR2nAE/YTY9PobOEnhZgCmspHu0+yBQ665yH8lFErQVSTE7fcGJmJp/cC6322/gc8VFuQf7g==}
    engines: {node: ^20.19.0 || >=22.12.0}
    cpu: [ia32]
    os: [win32]

  '@oxfmt/binding-win32-x64-msvc@0.35.0':
    resolution: {integrity: sha512-WCDJjlS95NboR0ugI2BEwzt1tYvRDorDRM9Lvctls1SLyKYuNRCyrPwp1urUPFBnwgBNn9p2/gnmo7gFMySRoQ==}
    engines: {node: ^20.19.0 || >=22.12.0}
    cpu: [x64]
    os: [win32]

  '@oxlint/binding-android-arm-eabi@1.50.0':
    resolution: {integrity: sha512-G7MRGk/6NCe+L8ntonRdZP7IkBfEpiZ/he3buLK6JkLgMHgJShXZ+BeOwADmspXez7U7F7L1Anf4xLSkLHiGTg==}
    engines: {node: ^20.19.0 || >=22.12.0}
    cpu: [arm]
    os: [android]

  '@oxlint/binding-android-arm64@1.50.0':
    resolution: {integrity: sha512-GeSuMoJWCVpovJi/e3xDSNgjeR8WEZ6MCXL6EtPiCIM2NTzv7LbflARINTXTJy2oFBYyvdf/l2PwHzYo6EdXvg==}
    engines: {node: ^20.19.0 || >=22.12.0}
    cpu: [arm64]
    os: [android]

  '@oxlint/binding-darwin-arm64@1.50.0':
    resolution: {integrity: sha512-w3SY5YtxGnxCHPJ8Twl3KmS9oja1gERYk3AMoZ7Hv8P43ZtB6HVfs02TxvarxfL214Tm3uzvc2vn+DhtUNeKnw==}
    engines: {node: ^20.19.0 || >=22.12.0}
    cpu: [arm64]
    os: [darwin]

  '@oxlint/binding-darwin-x64@1.50.0':
    resolution: {integrity: sha512-hNfogDqy7tvmllXKBSlHo6k5x7dhTUVOHbMSE15CCAcXzmqf5883aPvBYPOq9AE7DpDUQUZ1kVE22YbiGW+tuw==}
    engines: {node: ^20.19.0 || >=22.12.0}
    cpu: [x64]
    os: [darwin]

  '@oxlint/binding-freebsd-x64@1.50.0':
    resolution: {integrity: sha512-ykZevOWEyu0nsxolA911ucxpEv0ahw8jfEeGWOwwb/VPoE4xoexuTOAiPNlWZNJqANlJl7yp8OyzCtXTUAxotw==}
    engines: {node: ^20.19.0 || >=22.12.0}
    cpu: [x64]
    os: [freebsd]

  '@oxlint/binding-linux-arm-gnueabihf@1.50.0':
    resolution: {integrity: sha512-hif3iDk7vo5GGJ4OLCCZAf2vjnU9FztGw4L0MbQL0M2iY9LKFtDMMiQAHmkF0PQGQMVbTYtPdXCLKVgdkiqWXQ==}
    engines: {node: ^20.19.0 || >=22.12.0}
    cpu: [arm]
    os: [linux]

  '@oxlint/binding-linux-arm-musleabihf@1.50.0':
    resolution: {integrity: sha512-dVp9iSssiGAnTNey2Ruf6xUaQhdnvcFOJyRWd/mu5o2jVbFK15E5fbWGeFRfmuobu5QXuROtFga44+7DOS3PLg==}
    engines: {node: ^20.19.0 || >=22.12.0}
    cpu: [arm]
    os: [linux]

  '@oxlint/binding-linux-arm64-gnu@1.50.0':
    resolution: {integrity: sha512-1cT7yz2HA910CKA9NkH1ZJo50vTtmND2fkoW1oyiSb0j6WvNtJ0Wx2zoySfXWc/c+7HFoqRK5AbEoL41LOn9oA==}
    engines: {node: ^20.19.0 || >=22.12.0}
    cpu: [arm64]
    os: [linux]

  '@oxlint/binding-linux-arm64-musl@1.50.0':
    resolution: {integrity: sha512-++B3k/HEPFVlj89cOz8kWfQccMZB/aWL9AhsW7jPIkG++63Mpwb2cE9XOEsd0PATbIan78k2Gky+09uWM1d/gQ==}
    engines: {node: ^20.19.0 || >=22.12.0}
    cpu: [arm64]
    os: [linux]

  '@oxlint/binding-linux-ppc64-gnu@1.50.0':
    resolution: {integrity: sha512-Z9b/KpFMkx66w3gVBqjIC1AJBTZAGoI9+U+K5L4QM0CB/G0JSNC1es9b3Y0Vcrlvtdn8A+IQTkYjd/Q0uCSaZw==}
    engines: {node: ^20.19.0 || >=22.12.0}
    cpu: [ppc64]
    os: [linux]

  '@oxlint/binding-linux-riscv64-gnu@1.50.0':
    resolution: {integrity: sha512-jvmuIw8wRSohsQlFNIST5uUwkEtEJmOQYr33bf/K2FrFPXHhM4KqGekI3ShYJemFS/gARVacQFgBzzJKCAyJjg==}
    engines: {node: ^20.19.0 || >=22.12.0}
    cpu: [riscv64]
    os: [linux]

  '@oxlint/binding-linux-riscv64-musl@1.50.0':
    resolution: {integrity: sha512-x+UrN47oYNh90nmAAyql8eQaaRpHbDPu5guasDg10+OpszUQ3/1+1J6zFMmV4xfIEgTcUXG/oI5fxJhF4eWCNA==}
    engines: {node: ^20.19.0 || >=22.12.0}
    cpu: [riscv64]
    os: [linux]

  '@oxlint/binding-linux-s390x-gnu@1.50.0':
    resolution: {integrity: sha512-i/JLi2ljLUIVfekMj4ISmdt+Hn11wzYUdRRrkVUYsCWw7zAy5xV7X9iA+KMyM156LTFympa7s3oKBjuCLoTAUQ==}
    engines: {node: ^20.19.0 || >=22.12.0}
    cpu: [s390x]
    os: [linux]

  '@oxlint/binding-linux-x64-gnu@1.50.0':
    resolution: {integrity: sha512-/C7brhn6c6UUPccgSPCcpLQXcp+xKIW/3sji/5VZ8/OItL3tQ2U7KalHz887UxxSQeEOmd1kY6lrpuwFnmNqOA==}
    engines: {node: ^20.19.0 || >=22.12.0}
    cpu: [x64]
    os: [linux]

  '@oxlint/binding-linux-x64-musl@1.50.0':
    resolution: {integrity: sha512-oDR1f+bGOYU8LfgtEW8XtotWGB63ghtcxk5Jm6IDTCk++rTA/IRMsjOid2iMd+1bW+nP9Mdsmcdc7VbPD3+iyQ==}
    engines: {node: ^20.19.0 || >=22.12.0}
    cpu: [x64]
    os: [linux]

  '@oxlint/binding-openharmony-arm64@1.50.0':
    resolution: {integrity: sha512-4CmRGPp5UpvXyu4jjP9Tey/SrXDQLRvZXm4pb4vdZBxAzbFZkCyh0KyRy4txld/kZKTJlW4TO8N1JKrNEk+mWw==}
    engines: {node: ^20.19.0 || >=22.12.0}
    cpu: [arm64]
    os: [openharmony]

  '@oxlint/binding-win32-arm64-msvc@1.50.0':
    resolution: {integrity: sha512-Fq0M6vsGcFsSfeuWAACDhd5KJrO85ckbEfe1EGuBj+KPyJz7KeWte2fSFrFGmNKNXyhEMyx4tbgxiWRujBM2KQ==}
    engines: {node: ^20.19.0 || >=22.12.0}
    cpu: [arm64]
    os: [win32]

  '@oxlint/binding-win32-ia32-msvc@1.50.0':
    resolution: {integrity: sha512-qTdWR9KwY/vxJGhHVIZG2eBOhidOQvOwzDxnX+jhW/zIVacal1nAhR8GLkiywW8BIFDkQKXo/zOfT+/DY+ns/w==}
    engines: {node: ^20.19.0 || >=22.12.0}
    cpu: [ia32]
    os: [win32]

  '@oxlint/binding-win32-x64-msvc@1.50.0':
    resolution: {integrity: sha512-682t7npLC4G2Ca+iNlI9fhAKTcFPYYXJjwoa88H4q+u5HHHlsnL/gHULapX3iqp+A8FIJbgdylL5KMYo2LaluQ==}
    engines: {node: ^20.19.0 || >=22.12.0}
    cpu: [x64]
    os: [win32]

  '@sec-ant/readable-stream@0.4.1':
    resolution: {integrity: sha512-831qok9r2t8AlxLko40y2ebgSDhenenCatLVeW/uBtnHPyhHOvG0C7TvfgecV+wHzIm5KUICgzmVpWS+IMEAeg==}

  '@sindresorhus/is@7.2.0':
    resolution: {integrity: sha512-P1Cz1dWaFfR4IR+U13mqqiGsLFf1KbayybWwdd2vfctdV6hDpUkgCY0nKOLLTMSoRd/jJNjtbqzf13K8DCCXQw==}
    engines: {node: '>=18'}

  '@types/http-cache-semantics@4.2.0':
    resolution: {integrity: sha512-L3LgimLHXtGkWikKnsPg0/VFx9OGZaC+eN1u4r+OB1XRqH3meBIAVC2zr1WdMH+RHmnRkqliQAOHNJ/E0j/e0Q==}

  ansi-regex@6.2.2:
    resolution: {integrity: sha512-Bq3SmSpyFHaWjPk8If9yc6svM8c56dB5BAtW4Qbw5jHTwwXXcTLoRMkpDJp6VL0XzlWaCHTXrkFURMYmD0sLqg==}
    engines: {node: '>=12'}

  byte-counter@0.1.0:
    resolution: {integrity: sha512-jheRLVMeUKrDBjVw2O5+k4EvR4t9wtxHL+bo/LxfkxsVeuGMy3a5SEGgXdAFA4FSzTrU8rQXQIrsZ3oBq5a0pQ==}
    engines: {node: '>=20'}

  cacheable-lookup@7.0.0:
    resolution: {integrity: sha512-+qJyx4xiKra8mZrcwhjMRMUhD5NR1R8esPkzIYxX96JiecFoxAXFuz/GpR3+ev4PE1WamHip78wV0vcmPQtp8w==}
    engines: {node: '>=14.16'}

  cacheable-request@13.0.18:
    resolution: {integrity: sha512-rFWadDRKJs3s2eYdXlGggnBZKG7MTblkFBB0YllFds+UYnfogDp2wcR6JN97FhRkHTvq59n2vhNoHNZn29dh/Q==}
    engines: {node: '>=18'}

  chalk@5.6.2:
    resolution: {integrity: sha512-7NzBL0rN6fMUW+f7A6Io4h40qQlG+xGmtMxfbnH/K7TAtt8JQWVQK+6g0UXKMeVJoyV5EkkNsErQ8pVD3bLHbA==}
    engines: {node: ^12.17.0 || ^14.13 || >=16.0.0}

  debug@4.4.3:
    resolution: {integrity: sha512-RGwwWnwQvkVfavKVt22FGLw+xYSdzARwm0ru6DhTVA3umU5hZc28V3kO4stgYryrTlLpuvgI9GiijltAjNbcqA==}
    engines: {node: '>=6.0'}
    peerDependencies:
      supports-color: '*'
    peerDependenciesMeta:
      supports-color:
        optional: true

  decompress-response@10.0.0:
    resolution: {integrity: sha512-oj7KWToJuuxlPr7VV0vabvxEIiqNMo+q0NueIiL3XhtwC6FVOX7Hr1c0C4eD0bmf7Zr+S/dSf2xvkH3Ad6sU3Q==}
    engines: {node: '>=20'}

  eventemitter3@5.0.4:
    resolution: {integrity: sha512-mlsTRyGaPBjPedk6Bvw+aqbsXDtoAyAzm5MO7JgU+yVRyMQ5O8bD4Kcci7BS85f93veegeCPkL8R4GLClnjLFw==}

  form-data-encoder@4.1.0:
    resolution: {integrity: sha512-G6NsmEW15s0Uw9XnCg+33H3ViYRyiM0hMrMhhqQOR8NFc5GhYrI+6I3u7OTw7b91J2g8rtvMBZJDbcGb2YUniw==}
    engines: {node: '>= 18'}

  get-stream@9.0.1:
    resolution: {integrity: sha512-kVCxPF3vQM/N0B1PmoqVUqgHP+EeVjmZSQn+1oCRPxd2P21P2F19lIgbR3HBosbB1PUhOAoctJnfEn2GbN2eZA==}
    engines: {node: '>=18'}

  got@14.6.6:
    resolution: {integrity: sha512-QLV1qeYSo5l13mQzWgP/y0LbMr5Plr5fJilgAIwgnwseproEbtNym8xpLsDzeZ6MWXgNE6kdWGBjdh3zT/Qerg==}
    engines: {node: '>=20'}

  http-cache-semantics@4.2.0:
    resolution: {integrity: sha512-dTxcvPXqPvXBQpq5dUr6mEMJX4oIEFv6bwom3FDwKRDsuIjjJGANqhBuoAn9c1RQJIdAKav33ED65E2ys+87QQ==}

  http2-wrapper@2.2.1:
    resolution: {integrity: sha512-V5nVw1PAOgfI3Lmeaj2Exmeg7fenjhRUgz1lPSezy1CuhPYbgQtbQj4jZfEAEMlaL+vupsvhjqCyjzob0yxsmQ==}
    engines: {node: '>=10.19.0'}

  husky@9.1.7:
    resolution: {integrity: sha512-5gs5ytaNjBrh5Ow3zrvdUUY+0VxIuWVL4i9irt6friV+BqdCfmV11CQTWMiBYWHbXhco+J1kHfTOUkePhCDvMA==}
    engines: {node: '>=18'}
    hasBin: true

  is-stream@4.0.1:
    resolution: {integrity: sha512-Dnz92NInDqYckGEUJv689RbRiTSEHCQ7wOVeALbkOz999YpqT46yMRIGtSNl2iCL1waAZSx40+h59NV/EwzV/A==}
    engines: {node: '>=18'}

  keyv@5.6.0:
    resolution: {integrity: sha512-CYDD3SOtsHtyXeEORYRx2qBtpDJFjRTGXUtmNEMGyzYOKj1TE3tycdlho7kA1Ufx9OYWZzg52QFBGALTirzDSw==}

  lowercase-keys@3.0.0:
    resolution: {integrity: sha512-ozCC6gdQ+glXOQsveKD0YsDy8DSQFjDTz4zyzEHNV5+JP5D62LmfDZ6o1cycFx9ouG940M5dE8C8CTewdj2YWQ==}
    engines: {node: ^12.20.0 || ^14.13.1 || >=16.0.0}

  mimic-response@4.0.0:
    resolution: {integrity: sha512-e5ISH9xMYU0DzrT+jl8q2ze9D6eWBto+I8CNpe+VI+K2J/F/k3PdkdTdz4wvGVH4NTpo+NRYTVIuMQEMMcsLqg==}
    engines: {node: ^12.20.0 || ^14.13.1 || >=16.0.0}

  ms@2.1.3:
    resolution: {integrity: sha512-6FlzubTLZG3J2a/NVCAleEhjzq5oxgHyaCU9yYXvcLsvoVaHJq/s5xXI6/XXP6tz7R9xAOtHnSO/tXtF3WRTlA==}

  normalize-url@8.1.1:
    resolution: {integrity: sha512-JYc0DPlpGWB40kH5g07gGTrYuMqV653k3uBKY6uITPWds3M0ov3GaWGp9lbE3Bzngx8+XkfzgvASb9vk9JDFXQ==}
    engines: {node: '>=14.16'}

  oxfmt@0.35.0:
    resolution: {integrity: sha512-QYeXWkP+aLt7utt5SLivNIk09glWx9QE235ODjgcEZ3sd1VMaUBSpLymh6ZRCA76gD2rMP4bXanUz/fx+nLM9Q==}
    engines: {node: ^20.19.0 || >=22.12.0}
    hasBin: true

  oxlint@1.50.0:
    resolution: {integrity: sha512-iSJ4IZEICBma8cZX7kxIIz9PzsYLF2FaLAYN6RKu7VwRVKdu7RIgpP99bTZaGl//Yao7fsaGZLSEo5xBrI5ReQ==}
    engines: {node: ^20.19.0 || >=22.12.0}
    hasBin: true
    peerDependencies:
      oxlint-tsgolint: '>=0.14.1'
    peerDependenciesMeta:
      oxlint-tsgolint:
        optional: true

  p-cancelable@4.0.1:
    resolution: {integrity: sha512-wBowNApzd45EIKdO1LaU+LrMBwAcjfPaYtVzV3lmfM3gf8Z4CHZsiIqlM8TZZ8okYvh5A1cP6gTfCRQtwUpaUg==}
    engines: {node: '>=14.16'}

  p-queue@9.1.0:
    resolution: {integrity: sha512-O/ZPaXuQV29uSLbxWBGGZO1mCQXV2BLIwUr59JUU9SoH76mnYvtms7aafH/isNSNGwuEfP6W/4xD0/TJXxrizw==}
    engines: {node: '>=20'}

  p-timeout@7.0.1:
    resolution: {integrity: sha512-AxTM2wDGORHGEkPCt8yqxOTMgpfbEHqF51f/5fJCmwFC3C/zNcGT63SymH2ttOAaiIws2zVg4+izQCjrakcwHg==}
    engines: {node: '>=20'}

  pretty-bytes@7.1.0:
    resolution: {integrity: sha512-nODzvTiYVRGRqAOvE84Vk5JDPyyxsVk0/fbA/bq7RqlnhksGpset09XTxbpvLTIjoaF7K8Z8DG8yHtKGTPSYRw==}
    engines: {node: '>=20'}

  quick-lru@5.1.1:
    resolution: {integrity: sha512-WuyALRjWPDGtt/wzJiadO5AXY+8hZ80hVpe6MyivgraREW751X3SbhRvG3eLKOYN+8VEvqLcf3wdnt44Z4S4SA==}
    engines: {node: '>=10'}

  resolve-alpn@1.2.1:
    resolution: {integrity: sha512-0a1F4l73/ZFZOakJnQ3FvkJ2+gSTQWz/r2KE5OdDY0TxPm5h4GkqkWWfM47T7HsbnOtcJVEF4epCVy6u7Q3K+g==}

  responselike@4.0.2:
    resolution: {integrity: sha512-cGk8IbWEAnaCpdAt1BHzJ3Ahz5ewDJa0KseTsE3qIRMJ3C698W8psM7byCeWVpd/Ha7FUYzuRVzXoKoM6nRUbA==}
    engines: {node: '>=20'}

  strip-ansi@7.2.0:
    resolution: {integrity: sha512-yDPMNjp4WyfYBkHnjIRLfca1i6KMyGCtsVgoKe/z1+6vukgaENdgGBZt+ZmKPc4gavvEZ5OgHfHdrazhgNyG7w==}
    engines: {node: '>=12'}

  tinypool@2.1.0:
    resolution: {integrity: sha512-Pugqs6M0m7Lv1I7FtxN4aoyToKg1C4tu+/381vH35y8oENM/Ai7f7C4StcoK4/+BSw9ebcS8jRiVrORFKCALLw==}
    engines: {node: ^20.0.0 || >=22.0.0}

  type-fest@4.41.0:
    resolution: {integrity: sha512-TeTSQ6H5YHvpqVwBRcnLDCBnDOHWYu7IvGbHT6N8AOymcr9PJGjc1GTtiWZTYg0NCgYwvnYWEkVChQAr9bjfwA==}
    engines: {node: '>=16'}

snapshots:

  '@k03mad/oxlint-config@0.1.0': {}

  '@keyv/serialize@1.1.1': {}

  '@oxfmt/binding-android-arm-eabi@0.35.0':
    optional: true

  '@oxfmt/binding-android-arm64@0.35.0':
    optional: true

  '@oxfmt/binding-darwin-arm64@0.35.0':
    optional: true

  '@oxfmt/binding-darwin-x64@0.35.0':
    optional: true

  '@oxfmt/binding-freebsd-x64@0.35.0':
    optional: true

  '@oxfmt/binding-linux-arm-gnueabihf@0.35.0':
    optional: true

  '@oxfmt/binding-linux-arm-musleabihf@0.35.0':
    optional: true

  '@oxfmt/binding-linux-arm64-gnu@0.35.0':
    optional: true

  '@oxfmt/binding-linux-arm64-musl@0.35.0':
    optional: true

  '@oxfmt/binding-linux-ppc64-gnu@0.35.0':
    optional: true

  '@oxfmt/binding-linux-riscv64-gnu@0.35.0':
    optional: true

  '@oxfmt/binding-linux-riscv64-musl@0.35.0':
    optional: true

  '@oxfmt/binding-linux-s390x-gnu@0.35.0':
    optional: true

  '@oxfmt/binding-linux-x64-gnu@0.35.0':
    optional: true

  '@oxfmt/binding-linux-x64-musl@0.35.0':
    optional: true

  '@oxfmt/binding-openharmony-arm64@0.35.0':
    optional: true

  '@oxfmt/binding-win32-arm64-msvc@0.35.0':
    optional: true

  '@oxfmt/binding-win32-ia32-msvc@0.35.0':
    optional: true

  '@oxfmt/binding-win32-x64-msvc@0.35.0':
    optional: true

  '@oxlint/binding-android-arm-eabi@1.50.0':
    optional: true

  '@oxlint/binding-android-arm64@1.50.0':
    optional: true

  '@oxlint/binding-darwin-arm64@1.50.0':
    optional: true

  '@oxlint/binding-darwin-x64@1.50.0':
    optional: true

  '@oxlint/binding-freebsd-x64@1.50.0':
    optional: true

  '@oxlint/binding-linux-arm-gnueabihf@1.50.0':
    optional: true

  '@oxlint/binding-linux-arm-musleabihf@1.50.0':
    optional: true

  '@oxlint/binding-linux-arm64-gnu@1.50.0':
    optional: true

  '@oxlint/binding-linux-arm64-musl@1.50.0':
    optional: true

  '@oxlint/binding-linux-ppc64-gnu@1.50.0':
    optional: true

  '@oxlint/binding-linux-riscv64-gnu@1.50.0':
    optional: true

  '@oxlint/binding-linux-riscv64-musl@1.50.0':
    optional: true

  '@oxlint/binding-linux-s390x-gnu@1.50.0':
    optional: true

  '@oxlint/binding-linux-x64-gnu@1.50.0':
    optional: true

  '@oxlint/binding-linux-x64-musl@1.50.0':
    optional: true

  '@oxlint/binding-openharmony-arm64@1.50.0':
    optional: true

  '@oxlint/binding-win32-arm64-msvc@1.50.0':
    optional: true

  '@oxlint/binding-win32-ia32-msvc@1.50.0':
    optional: true

  '@oxlint/binding-win32-x64-msvc@1.50.0':
    optional: true

  '@sec-ant/readable-stream@0.4.1': {}

  '@sindresorhus/is@7.2.0': {}

  '@types/http-cache-semantics@4.2.0': {}

  ansi-regex@6.2.2: {}

  byte-counter@0.1.0: {}

  cacheable-lookup@7.0.0: {}

  cacheable-request@13.0.18:
    dependencies:
      '@types/http-cache-semantics': 4.2.0
      get-stream: 9.0.1
      http-cache-semantics: 4.2.0
      keyv: 5.6.0
      mimic-response: 4.0.0
      normalize-url: 8.1.1
      responselike: 4.0.2

  chalk@5.6.2: {}

  debug@4.4.3:
    dependencies:
      ms: 2.1.3

  decompress-response@10.0.0:
    dependencies:
      mimic-response: 4.0.0

  eventemitter3@5.0.4: {}

  form-data-encoder@4.1.0: {}

  get-stream@9.0.1:
    dependencies:
      '@sec-ant/readable-stream': 0.4.1
      is-stream: 4.0.1

  got@14.6.6:
    dependencies:
      '@sindresorhus/is': 7.2.0
      byte-counter: 0.1.0
      cacheable-lookup: 7.0.0
      cacheable-request: 13.0.18
      decompress-response: 10.0.0
      form-data-encoder: 4.1.0
      http2-wrapper: 2.2.1
      keyv: 5.6.0
      lowercase-keys: 3.0.0
      p-cancelable: 4.0.1
      responselike: 4.0.2
      type-fest: 4.41.0

  http-cache-semantics@4.2.0: {}

  http2-wrapper@2.2.1:
    dependencies:
      quick-lru: 5.1.1
      resolve-alpn: 1.2.1

  husky@9.1.7: {}

  is-stream@4.0.1: {}

  keyv@5.6.0:
    dependencies:
      '@keyv/serialize': 1.1.1

  lowercase-keys@3.0.0: {}

  mimic-response@4.0.0: {}

  ms@2.1.3: {}

  normalize-url@8.1.1: {}

  oxfmt@0.35.0:
    dependencies:
      tinypool: 2.1.0
    optionalDependencies:
      '@oxfmt/binding-android-arm-eabi': 0.35.0
      '@oxfmt/binding-android-arm64': 0.35.0
      '@oxfmt/binding-darwin-arm64': 0.35.0
      '@oxfmt/binding-darwin-x64': 0.35.0
      '@oxfmt/binding-freebsd-x64': 0.35.0
      '@oxfmt/binding-linux-arm-gnueabihf': 0.35.0
      '@oxfmt/binding-linux-arm-musleabihf': 0.35.0
      '@oxfmt/binding-linux-arm64-gnu': 0.35.0
      '@oxfmt/binding-linux-arm64-musl': 0.35.0
      '@oxfmt/binding-linux-ppc64-gnu': 0.35.0
      '@oxfmt/binding-linux-riscv64-gnu': 0.35.0
      '@oxfmt/binding-linux-riscv64-musl': 0.35.0
      '@oxfmt/binding-linux-s390x-gnu': 0.35.0
      '@oxfmt/binding-linux-x64-gnu': 0.35.0
      '@oxfmt/binding-linux-x64-musl': 0.35.0
      '@oxfmt/binding-openharmony-arm64': 0.35.0
      '@oxfmt/binding-win32-arm64-msvc': 0.35.0
      '@oxfmt/binding-win32-ia32-msvc': 0.35.0
      '@oxfmt/binding-win32-x64-msvc': 0.35.0

  oxlint@1.50.0:
    optionalDependencies:
      '@oxlint/binding-android-arm-eabi': 1.50.0
      '@oxlint/binding-android-arm64': 1.50.0
      '@oxlint/binding-darwin-arm64': 1.50.0
      '@oxlint/binding-darwin-x64': 1.50.0
      '@oxlint/binding-freebsd-x64': 1.50.0
      '@oxlint/binding-linux-arm-gnueabihf': 1.50.0
      '@oxlint/binding-linux-arm-musleabihf': 1.50.0
      '@oxlint/binding-linux-arm64-gnu': 1.50.0
      '@oxlint/binding-linux-arm64-musl': 1.50.0
      '@oxlint/binding-linux-ppc64-gnu': 1.50.0
      '@oxlint/binding-linux-riscv64-gnu': 1.50.0
      '@oxlint/binding-linux-riscv64-musl': 1.50.0
      '@oxlint/binding-linux-s390x-gnu': 1.50.0
      '@oxlint/binding-linux-x64-gnu': 1.50.0
      '@oxlint/binding-linux-x64-musl': 1.50.0
      '@oxlint/binding-openharmony-arm64': 1.50.0
      '@oxlint/binding-win32-arm64-msvc': 1.50.0
      '@oxlint/binding-win32-ia32-msvc': 1.50.0
      '@oxlint/binding-win32-x64-msvc': 1.50.0

  p-cancelable@4.0.1: {}

  p-queue@9.1.0:
    dependencies:
      eventemitter3: 5.0.4
      p-timeout: 7.0.1

  p-timeout@7.0.1: {}

  pretty-bytes@7.1.0: {}

  quick-lru@5.1.1: {}

  resolve-alpn@1.2.1: {}

  responselike@4.0.2:
    dependencies:
      lowercase-keys: 3.0.0

  strip-ansi@7.2.0:
    dependencies:
      ansi-regex: 6.2.2

  tinypool@2.1.0: {}

  type-fest@4.41.0: {}
